// !$*UTF8*$!
{
	archiveVersion = 1;
	classes = {
	};
	objectVersion = 48;
	objects = {

/* Begin PBXBuildFile section */
		4319BF5A1FF8010E00272197 /* Assets.xcassets in Resources */ = {isa = PBXBuildFile; fileRef = 4319BF591FF8010E00272197 /* Assets.xcassets */; };
		4319BF5B1FF8010E00272197 /* Assets.xcassets in Resources */ = {isa = PBXBuildFile; fileRef = 4319BF591FF8010E00272197 /* Assets.xcassets */; };
		4319BF5C1FF8010E00272197 /* Assets.xcassets in Resources */ = {isa = PBXBuildFile; fileRef = 4319BF591FF8010E00272197 /* Assets.xcassets */; };
		433551AE1F6A10B00028A25C /* Schedule.swift in Sources */ = {isa = PBXBuildFile; fileRef = 43A7B2651F69D9FC00540DCC /* Schedule.swift */; };
		434342422017CFF600223B13 /* MainRowType.swift in Sources */ = {isa = PBXBuildFile; fileRef = 434342402017CE5800223B13 /* MainRowType.swift */; };
		43A7B22F1F69D9D200540DCC /* AppDelegate.swift in Sources */ = {isa = PBXBuildFile; fileRef = 43A7B22E1F69D9D200540DCC /* AppDelegate.swift */; };
		43A7B2311F69D9D200540DCC /* ViewController.swift in Sources */ = {isa = PBXBuildFile; fileRef = 43A7B2301F69D9D200540DCC /* ViewController.swift */; };
		43A7B2341F69D9D200540DCC /* Main.storyboard in Resources */ = {isa = PBXBuildFile; fileRef = 43A7B2321F69D9D200540DCC /* Main.storyboard */; };
		43A7B2391F69D9D200540DCC /* LaunchScreen.storyboard in Resources */ = {isa = PBXBuildFile; fileRef = 43A7B2371F69D9D200540DCC /* LaunchScreen.storyboard */; };
		43A7B23E1F69D9D200540DCC /* Schodule WatchKit App.app in Embed Watch Content */ = {isa = PBXBuildFile; fileRef = 43A7B23D1F69D9D200540DCC /* Schodule WatchKit App.app */; };
		43A7B2441F69D9D200540DCC /* Interface.storyboard in Resources */ = {isa = PBXBuildFile; fileRef = 43A7B2421F69D9D200540DCC /* Interface.storyboard */; };
		43A7B2461F69D9D200540DCC /* Assets.xcassets in Resources */ = {isa = PBXBuildFile; fileRef = 43A7B2451F69D9D200540DCC /* Assets.xcassets */; };
		43A7B24D1F69D9D200540DCC /* Schodule WatchKit Extension.appex in Embed App Extensions */ = {isa = PBXBuildFile; fileRef = 43A7B24C1F69D9D200540DCC /* Schodule WatchKit Extension.appex */; settings = {ATTRIBUTES = (RemoveHeadersOnCopy, ); }; };
		43A7B2521F69D9D200540DCC /* InterfaceController.swift in Sources */ = {isa = PBXBuildFile; fileRef = 43A7B2511F69D9D200540DCC /* InterfaceController.swift */; };
		43A7B2541F69D9D200540DCC /* ExtensionDelegate.swift in Sources */ = {isa = PBXBuildFile; fileRef = 43A7B2531F69D9D200540DCC /* ExtensionDelegate.swift */; };
		43A7B2561F69D9D200540DCC /* Assets.xcassets in Resources */ = {isa = PBXBuildFile; fileRef = 43A7B2551F69D9D200540DCC /* Assets.xcassets */; };
		43A7B2661F69D9FC00540DCC /* Schedule.swift in Sources */ = {isa = PBXBuildFile; fileRef = 43A7B2651F69D9FC00540DCC /* Schedule.swift */; };
		43A7B2B31F69DCDF00540DCC /* ScheduleComplicationController.swift in Sources */ = {isa = PBXBuildFile; fileRef = 43A7B2AE1F69DC6100540DCC /* ScheduleComplicationController.swift */; };
/* End PBXBuildFile section */

/* Begin PBXContainerItemProxy section */
		43A7B23F1F69D9D200540DCC /* PBXContainerItemProxy */ = {
			isa = PBXContainerItemProxy;
			containerPortal = 43A7B2231F69D9D200540DCC /* Project object */;
			proxyType = 1;
			remoteGlobalIDString = 43A7B23C1F69D9D200540DCC;
			remoteInfo = "Schodule WatchKit App";
		};
		43A7B24E1F69D9D200540DCC /* PBXContainerItemProxy */ = {
			isa = PBXContainerItemProxy;
			containerPortal = 43A7B2231F69D9D200540DCC /* Project object */;
			proxyType = 1;
			remoteGlobalIDString = 43A7B24B1F69D9D200540DCC;
			remoteInfo = "Schodule WatchKit Extension";
		};
/* End PBXContainerItemProxy section */

/* Begin PBXCopyFilesBuildPhase section */
		43A7B25D1F69D9D200540DCC /* Embed App Extensions */ = {
			isa = PBXCopyFilesBuildPhase;
			buildActionMask = 2147483647;
			dstPath = "";
			dstSubfolderSpec = 13;
			files = (
				43A7B24D1F69D9D200540DCC /* Schodule WatchKit Extension.appex in Embed App Extensions */,
			);
			name = "Embed App Extensions";
			runOnlyForDeploymentPostprocessing = 0;
		};
		43A7B2611F69D9D200540DCC /* Embed Watch Content */ = {
			isa = PBXCopyFilesBuildPhase;
			buildActionMask = 2147483647;
			dstPath = "$(CONTENTS_FOLDER_PATH)/Watch";
			dstSubfolderSpec = 16;
			files = (
				43A7B23E1F69D9D200540DCC /* Schodule WatchKit App.app in Embed Watch Content */,
			);
			name = "Embed Watch Content";
			runOnlyForDeploymentPostprocessing = 0;
		};
/* End PBXCopyFilesBuildPhase section */

/* Begin PBXFileReference section */
		4319BF591FF8010E00272197 /* Assets.xcassets */ = {isa = PBXFileReference; lastKnownFileType = folder.assetcatalog; path = Assets.xcassets; sourceTree = "<group>"; };
		4343423F2017CE5800223B13 /* Schodule WatchKit App-Bridging-Header.h */ = {isa = PBXFileReference; lastKnownFileType = sourcecode.c.h; path = "Schodule WatchKit App-Bridging-Header.h"; sourceTree = "<group>"; };
		434342402017CE5800223B13 /* MainRowType.swift */ = {isa = PBXFileReference; lastKnownFileType = sourcecode.swift; path = MainRowType.swift; sourceTree = "<group>"; };
		43A7B22B1F69D9D200540DCC /* Schodule.app */ = {isa = PBXFileReference; explicitFileType = wrapper.application; includeInIndex = 0; path = Schodule.app; sourceTree = BUILT_PRODUCTS_DIR; };
		43A7B22E1F69D9D200540DCC /* AppDelegate.swift */ = {isa = PBXFileReference; lastKnownFileType = sourcecode.swift; path = AppDelegate.swift; sourceTree = "<group>"; };
		43A7B2301F69D9D200540DCC /* ViewController.swift */ = {isa = PBXFileReference; lastKnownFileType = sourcecode.swift; path = ViewController.swift; sourceTree = "<group>"; };
		43A7B2331F69D9D200540DCC /* Base */ = {isa = PBXFileReference; lastKnownFileType = file.storyboard; name = Base; path = Base.lproj/Main.storyboard; sourceTree = "<group>"; };
		43A7B2381F69D9D200540DCC /* Base */ = {isa = PBXFileReference; lastKnownFileType = file.storyboard; name = Base; path = Base.lproj/LaunchScreen.storyboard; sourceTree = "<group>"; };
		43A7B23A1F69D9D200540DCC /* Info.plist */ = {isa = PBXFileReference; lastKnownFileType = text.plist.xml; path = Info.plist; sourceTree = "<group>"; };
		43A7B23D1F69D9D200540DCC /* Schodule WatchKit App.app */ = {isa = PBXFileReference; explicitFileType = wrapper.application; includeInIndex = 0; path = "Schodule WatchKit App.app"; sourceTree = BUILT_PRODUCTS_DIR; };
		43A7B2431F69D9D200540DCC /* Base */ = {isa = PBXFileReference; lastKnownFileType = file.storyboard; name = Base; path = Base.lproj/Interface.storyboard; sourceTree = "<group>"; };
		43A7B2451F69D9D200540DCC /* Assets.xcassets */ = {isa = PBXFileReference; lastKnownFileType = folder.assetcatalog; path = Assets.xcassets; sourceTree = "<group>"; };
		43A7B2471F69D9D200540DCC /* Info.plist */ = {isa = PBXFileReference; lastKnownFileType = text.plist.xml; path = Info.plist; sourceTree = "<group>"; };
		43A7B24C1F69D9D200540DCC /* Schodule WatchKit Extension.appex */ = {isa = PBXFileReference; explicitFileType = "wrapper.app-extension"; includeInIndex = 0; path = "Schodule WatchKit Extension.appex"; sourceTree = BUILT_PRODUCTS_DIR; };
		43A7B2511F69D9D200540DCC /* InterfaceController.swift */ = {isa = PBXFileReference; lastKnownFileType = sourcecode.swift; path = InterfaceController.swift; sourceTree = "<group>"; };
		43A7B2531F69D9D200540DCC /* ExtensionDelegate.swift */ = {isa = PBXFileReference; lastKnownFileType = sourcecode.swift; path = ExtensionDelegate.swift; sourceTree = "<group>"; };
		43A7B2551F69D9D200540DCC /* Assets.xcassets */ = {isa = PBXFileReference; lastKnownFileType = folder.assetcatalog; path = Assets.xcassets; sourceTree = "<group>"; };
		43A7B2571F69D9D200540DCC /* Info.plist */ = {isa = PBXFileReference; lastKnownFileType = text.plist.xml; path = Info.plist; sourceTree = "<group>"; };
		43A7B2651F69D9FC00540DCC /* Schedule.swift */ = {isa = PBXFileReference; lastKnownFileType = sourcecode.swift; path = Schedule.swift; sourceTree = "<group>"; };
		43A7B2AE1F69DC6100540DCC /* ScheduleComplicationController.swift */ = {isa = PBXFileReference; lastKnownFileType = sourcecode.swift; path = ScheduleComplicationController.swift; sourceTree = "<group>"; };
		43A7B2B11F69DCB800540DCC /* WatchKit.framework */ = {isa = PBXFileReference; lastKnownFileType = wrapper.framework; name = WatchKit.framework; path = System/Library/Frameworks/WatchKit.framework; sourceTree = SDKROOT; };
/* End PBXFileReference section */

/* Begin PBXFrameworksBuildPhase section */
		43A7B2281F69D9D200540DCC /* Frameworks */ = {
			isa = PBXFrameworksBuildPhase;
			buildActionMask = 2147483647;
			files = (
			);
			runOnlyForDeploymentPostprocessing = 0;
		};
		43A7B2491F69D9D200540DCC /* Frameworks */ = {
			isa = PBXFrameworksBuildPhase;
			buildActionMask = 2147483647;
			files = (
			);
			runOnlyForDeploymentPostprocessing = 0;
		};
/* End PBXFrameworksBuildPhase section */

/* Begin PBXGroup section */
		433551AC1F6A109F0028A25C /* Shared */ = {
			isa = PBXGroup;
			children = (
				43A7B2651F69D9FC00540DCC /* Schedule.swift */,
			);
			path = Shared;
			sourceTree = "<group>";
		};
		43A7B2221F69D9D200540DCC = {
			isa = PBXGroup;
			children = (
				433551AC1F6A109F0028A25C /* Shared */,
				43A7B22D1F69D9D200540DCC /* Schodule */,
				43A7B2411F69D9D200540DCC /* Schodule WatchKit App */,
				43A7B2501F69D9D200540DCC /* Schodule WatchKit Extension */,
				43A7B22C1F69D9D200540DCC /* Products */,
				43A7B2B01F69DCB800540DCC /* Frameworks */,
			);
			sourceTree = "<group>";
		};
		43A7B22C1F69D9D200540DCC /* Products */ = {
			isa = PBXGroup;
			children = (
				43A7B22B1F69D9D200540DCC /* Schodule.app */,
				43A7B23D1F69D9D200540DCC /* Schodule WatchKit App.app */,
				43A7B24C1F69D9D200540DCC /* Schodule WatchKit Extension.appex */,
			);
			name = Products;
			sourceTree = "<group>";
		};
		43A7B22D1F69D9D200540DCC /* Schodule */ = {
			isa = PBXGroup;
			children = (
				43A7B22E1F69D9D200540DCC /* AppDelegate.swift */,
				43A7B2301F69D9D200540DCC /* ViewController.swift */,
				4319BF591FF8010E00272197 /* Assets.xcassets */,
				43A7B2321F69D9D200540DCC /* Main.storyboard */,
				43A7B2371F69D9D200540DCC /* LaunchScreen.storyboard */,
				43A7B23A1F69D9D200540DCC /* Info.plist */,
			);
			path = Schodule;
			sourceTree = "<group>";
		};
		43A7B2411F69D9D200540DCC /* Schodule WatchKit App */ = {
			isa = PBXGroup;
			children = (
				43A7B2421F69D9D200540DCC /* Interface.storyboard */,
				43A7B2451F69D9D200540DCC /* Assets.xcassets */,
				43A7B2471F69D9D200540DCC /* Info.plist */,
			);
			path = "Schodule WatchKit App";
			sourceTree = "<group>";
		};
		43A7B2501F69D9D200540DCC /* Schodule WatchKit Extension */ = {
			isa = PBXGroup;
			children = (
				43A7B2AE1F69DC6100540DCC /* ScheduleComplicationController.swift */,
				434342402017CE5800223B13 /* MainRowType.swift */,
				43A7B2511F69D9D200540DCC /* InterfaceController.swift */,
				43A7B2531F69D9D200540DCC /* ExtensionDelegate.swift */,
				43A7B2551F69D9D200540DCC /* Assets.xcassets */,
				43A7B2571F69D9D200540DCC /* Info.plist */,
				4343423F2017CE5800223B13 /* Schodule WatchKit App-Bridging-Header.h */,
			);
			path = "Schodule WatchKit Extension";
			sourceTree = "<group>";
		};
		43A7B2B01F69DCB800540DCC /* Frameworks */ = {
			isa = PBXGroup;
			children = (
				43A7B2B11F69DCB800540DCC /* WatchKit.framework */,
			);
			name = Frameworks;
			sourceTree = "<group>";
		};
/* End PBXGroup section */

/* Begin PBXNativeTarget section */
		43A7B22A1F69D9D200540DCC /* Schodule */ = {
			isa = PBXNativeTarget;
			buildConfigurationList = 43A7B2621F69D9D200540DCC /* Build configuration list for PBXNativeTarget "Schodule" */;
			buildPhases = (
				43A7B2271F69D9D200540DCC /* Sources */,
				43A7B2281F69D9D200540DCC /* Frameworks */,
				43A7B2291F69D9D200540DCC /* Resources */,
				43A7B2611F69D9D200540DCC /* Embed Watch Content */,
			);
			buildRules = (
			);
			dependencies = (
				43A7B2401F69D9D200540DCC /* PBXTargetDependency */,
			);
			name = Schodule;
			productName = Schodule;
			productReference = 43A7B22B1F69D9D200540DCC /* Schodule.app */;
			productType = "com.apple.product-type.application";
		};
		43A7B23C1F69D9D200540DCC /* Schodule WatchKit App */ = {
			isa = PBXNativeTarget;
			buildConfigurationList = 43A7B25E1F69D9D200540DCC /* Build configuration list for PBXNativeTarget "Schodule WatchKit App" */;
			buildPhases = (
				43A7B23B1F69D9D200540DCC /* Resources */,
				43A7B25D1F69D9D200540DCC /* Embed App Extensions */,
			);
			buildRules = (
			);
			dependencies = (
				43A7B24F1F69D9D200540DCC /* PBXTargetDependency */,
			);
			name = "Schodule WatchKit App";
			productName = "Schodule WatchKit App";
			productReference = 43A7B23D1F69D9D200540DCC /* Schodule WatchKit App.app */;
			productType = "com.apple.product-type.application.watchapp2";
		};
		43A7B24B1F69D9D200540DCC /* Schodule WatchKit Extension */ = {
			isa = PBXNativeTarget;
			buildConfigurationList = 43A7B25A1F69D9D200540DCC /* Build configuration list for PBXNativeTarget "Schodule WatchKit Extension" */;
			buildPhases = (
				43A7B2481F69D9D200540DCC /* Sources */,
				43A7B2491F69D9D200540DCC /* Frameworks */,
				43A7B24A1F69D9D200540DCC /* Resources */,
			);
			buildRules = (
			);
			dependencies = (
			);
			name = "Schodule WatchKit Extension";
			productName = "Schodule WatchKit Extension";
			productReference = 43A7B24C1F69D9D200540DCC /* Schodule WatchKit Extension.appex */;
			productType = "com.apple.product-type.watchkit2-extension";
		};
/* End PBXNativeTarget section */

/* Begin PBXProject section */
		43A7B2231F69D9D200540DCC /* Project object */ = {
			isa = PBXProject;
			attributes = {
				LastSwiftUpdateCheck = 0900;
				LastUpgradeCheck = 0900;
				ORGANIZATIONNAME = "Nicholas Grana";
				TargetAttributes = {
					43A7B22A1F69D9D200540DCC = {
						CreatedOnToolsVersion = 9.0;
					};
					43A7B23C1F69D9D200540DCC = {
						CreatedOnToolsVersion = 9.0;
						LastSwiftMigration = 0920;
					};
					43A7B24B1F69D9D200540DCC = {
						CreatedOnToolsVersion = 9.0;
					};
				};
			};
			buildConfigurationList = 43A7B2261F69D9D200540DCC /* Build configuration list for PBXProject "Schodule" */;
			compatibilityVersion = "Xcode 8.0";
			developmentRegion = en;
			hasScannedForEncodings = 0;
			knownRegions = (
				en,
				Base,
			);
			mainGroup = 43A7B2221F69D9D200540DCC;
			productRefGroup = 43A7B22C1F69D9D200540DCC /* Products */;
			projectDirPath = "";
			projectRoot = "";
			targets = (
				43A7B22A1F69D9D200540DCC /* Schodule */,
				43A7B23C1F69D9D200540DCC /* Schodule WatchKit App */,
				43A7B24B1F69D9D200540DCC /* Schodule WatchKit Extension */,
			);
		};
/* End PBXProject section */

/* Begin PBXResourcesBuildPhase section */
		43A7B2291F69D9D200540DCC /* Resources */ = {
			isa = PBXResourcesBuildPhase;
			buildActionMask = 2147483647;
			files = (
				43A7B2391F69D9D200540DCC /* LaunchScreen.storyboard in Resources */,
				4319BF5A1FF8010E00272197 /* Assets.xcassets in Resources */,
				43A7B2341F69D9D200540DCC /* Main.storyboard in Resources */,
			);
			runOnlyForDeploymentPostprocessing = 0;
		};
		43A7B23B1F69D9D200540DCC /* Resources */ = {
			isa = PBXResourcesBuildPhase;
			buildActionMask = 2147483647;
			files = (
				43A7B2461F69D9D200540DCC /* Assets.xcassets in Resources */,
				4319BF5B1FF8010E00272197 /* Assets.xcassets in Resources */,
				43A7B2441F69D9D200540DCC /* Interface.storyboard in Resources */,
			);
			runOnlyForDeploymentPostprocessing = 0;
		};
		43A7B24A1F69D9D200540DCC /* Resources */ = {
			isa = PBXResourcesBuildPhase;
			buildActionMask = 2147483647;
			files = (
				4319BF5C1FF8010E00272197 /* Assets.xcassets in Resources */,
				43A7B2561F69D9D200540DCC /* Assets.xcassets in Resources */,
			);
			runOnlyForDeploymentPostprocessing = 0;
		};
/* End PBXResourcesBuildPhase section */

/* Begin PBXSourcesBuildPhase section */
		43A7B2271F69D9D200540DCC /* Sources */ = {
			isa = PBXSourcesBuildPhase;
			buildActionMask = 2147483647;
			files = (
				43A7B2661F69D9FC00540DCC /* Schedule.swift in Sources */,
				43A7B2311F69D9D200540DCC /* ViewController.swift in Sources */,
				43A7B22F1F69D9D200540DCC /* AppDelegate.swift in Sources */,
			);
			runOnlyForDeploymentPostprocessing = 0;
		};
		43A7B2481F69D9D200540DCC /* Sources */ = {
			isa = PBXSourcesBuildPhase;
			buildActionMask = 2147483647;
			files = (
				434342422017CFF600223B13 /* MainRowType.swift in Sources */,
				43A7B2541F69D9D200540DCC /* ExtensionDelegate.swift in Sources */,
				43A7B2B31F69DCDF00540DCC /* ScheduleComplicationController.swift in Sources */,
				433551AE1F6A10B00028A25C /* Schedule.swift in Sources */,
				43A7B2521F69D9D200540DCC /* InterfaceController.swift in Sources */,
			);
			runOnlyForDeploymentPostprocessing = 0;
		};
/* End PBXSourcesBuildPhase section */

/* Begin PBXTargetDependency section */
		43A7B2401F69D9D200540DCC /* PBXTargetDependency */ = {
			isa = PBXTargetDependency;
			target = 43A7B23C1F69D9D200540DCC /* Schodule WatchKit App */;
			targetProxy = 43A7B23F1F69D9D200540DCC /* PBXContainerItemProxy */;
		};
		43A7B24F1F69D9D200540DCC /* PBXTargetDependency */ = {
			isa = PBXTargetDependency;
			target = 43A7B24B1F69D9D200540DCC /* Schodule WatchKit Extension */;
			targetProxy = 43A7B24E1F69D9D200540DCC /* PBXContainerItemProxy */;
		};
/* End PBXTargetDependency section */

/* Begin PBXVariantGroup section */
		43A7B2321F69D9D200540DCC /* Main.storyboard */ = {
			isa = PBXVariantGroup;
			children = (
				43A7B2331F69D9D200540DCC /* Base */,
			);
			name = Main.storyboard;
			sourceTree = "<group>";
		};
		43A7B2371F69D9D200540DCC /* LaunchScreen.storyboard */ = {
			isa = PBXVariantGroup;
			children = (
				43A7B2381F69D9D200540DCC /* Base */,
			);
			name = LaunchScreen.storyboard;
			sourceTree = "<group>";
		};
		43A7B2421F69D9D200540DCC /* Interface.storyboard */ = {
			isa = PBXVariantGroup;
			children = (
				43A7B2431F69D9D200540DCC /* Base */,
			);
			name = Interface.storyboard;
			sourceTree = "<group>";
		};
/* End PBXVariantGroup section */

/* Begin XCBuildConfiguration section */
		43A7B2581F69D9D200540DCC /* Debug */ = {
			isa = XCBuildConfiguration;
			buildSettings = {
				ALWAYS_SEARCH_USER_PATHS = NO;
				CLANG_ANALYZER_NONNULL = YES;
				CLANG_ANALYZER_NUMBER_OBJECT_CONVERSION = YES_AGGRESSIVE;
				CLANG_CXX_LANGUAGE_STANDARD = "gnu++14";
				CLANG_CXX_LIBRARY = "libc++";
				CLANG_ENABLE_MODULES = YES;
				CLANG_ENABLE_OBJC_ARC = YES;
				CLANG_WARN_BLOCK_CAPTURE_AUTORELEASING = YES;
				CLANG_WARN_BOOL_CONVERSION = YES;
				CLANG_WARN_COMMA = YES;
				CLANG_WARN_CONSTANT_CONVERSION = YES;
				CLANG_WARN_DIRECT_OBJC_ISA_USAGE = YES_ERROR;
				CLANG_WARN_DOCUMENTATION_COMMENTS = YES;
				CLANG_WARN_EMPTY_BODY = YES;
				CLANG_WARN_ENUM_CONVERSION = YES;
				CLANG_WARN_INFINITE_RECURSION = YES;
				CLANG_WARN_INT_CONVERSION = YES;
				CLANG_WARN_NON_LITERAL_NULL_CONVERSION = YES;
				CLANG_WARN_OBJC_LITERAL_CONVERSION = YES;
				CLANG_WARN_OBJC_ROOT_CLASS = YES_ERROR;
				CLANG_WARN_RANGE_LOOP_ANALYSIS = YES;
				CLANG_WARN_STRICT_PROTOTYPES = YES;
				CLANG_WARN_SUSPICIOUS_MOVE = YES;
				CLANG_WARN_UNGUARDED_AVAILABILITY = YES_AGGRESSIVE;
				CLANG_WARN_UNREACHABLE_CODE = YES;
				CLANG_WARN__DUPLICATE_METHOD_MATCH = YES;
				CODE_SIGN_IDENTITY = "iPhone Developer";
				COPY_PHASE_STRIP = NO;
				DEBUG_INFORMATION_FORMAT = dwarf;
				ENABLE_STRICT_OBJC_MSGSEND = YES;
				ENABLE_TESTABILITY = YES;
				GCC_C_LANGUAGE_STANDARD = gnu11;
				GCC_DYNAMIC_NO_PIC = NO;
				GCC_NO_COMMON_BLOCKS = YES;
				GCC_OPTIMIZATION_LEVEL = 0;
				GCC_PREPROCESSOR_DEFINITIONS = (
					"DEBUG=1",
					"$(inherited)",
				);
				GCC_WARN_64_TO_32_BIT_CONVERSION = YES;
				GCC_WARN_ABOUT_RETURN_TYPE = YES_ERROR;
				GCC_WARN_UNDECLARED_SELECTOR = YES;
				GCC_WARN_UNINITIALIZED_AUTOS = YES_AGGRESSIVE;
				GCC_WARN_UNUSED_FUNCTION = YES;
				GCC_WARN_UNUSED_VARIABLE = YES;
				IPHONEOS_DEPLOYMENT_TARGET = 11.0;
				MTL_ENABLE_DEBUG_INFO = YES;
				ONLY_ACTIVE_ARCH = YES;
				SDKROOT = iphoneos;
				SWIFT_ACTIVE_COMPILATION_CONDITIONS = DEBUG;
				SWIFT_OPTIMIZATION_LEVEL = "-Onone";
			};
			name = Debug;
		};
		43A7B2591F69D9D200540DCC /* Release */ = {
			isa = XCBuildConfiguration;
			buildSettings = {
				ALWAYS_SEARCH_USER_PATHS = NO;
				CLANG_ANALYZER_NONNULL = YES;
				CLANG_ANALYZER_NUMBER_OBJECT_CONVERSION = YES_AGGRESSIVE;
				CLANG_CXX_LANGUAGE_STANDARD = "gnu++14";
				CLANG_CXX_LIBRARY = "libc++";
				CLANG_ENABLE_MODULES = YES;
				CLANG_ENABLE_OBJC_ARC = YES;
				CLANG_WARN_BLOCK_CAPTURE_AUTORELEASING = YES;
				CLANG_WARN_BOOL_CONVERSION = YES;
				CLANG_WARN_COMMA = YES;
				CLANG_WARN_CONSTANT_CONVERSION = YES;
				CLANG_WARN_DIRECT_OBJC_ISA_USAGE = YES_ERROR;
				CLANG_WARN_DOCUMENTATION_COMMENTS = YES;
				CLANG_WARN_EMPTY_BODY = YES;
				CLANG_WARN_ENUM_CONVERSION = YES;
				CLANG_WARN_INFINITE_RECURSION = YES;
				CLANG_WARN_INT_CONVERSION = YES;
				CLANG_WARN_NON_LITERAL_NULL_CONVERSION = YES;
				CLANG_WARN_OBJC_LITERAL_CONVERSION = YES;
				CLANG_WARN_OBJC_ROOT_CLASS = YES_ERROR;
				CLANG_WARN_RANGE_LOOP_ANALYSIS = YES;
				CLANG_WARN_STRICT_PROTOTYPES = YES;
				CLANG_WARN_SUSPICIOUS_MOVE = YES;
				CLANG_WARN_UNGUARDED_AVAILABILITY = YES_AGGRESSIVE;
				CLANG_WARN_UNREACHABLE_CODE = YES;
				CLANG_WARN__DUPLICATE_METHOD_MATCH = YES;
				CODE_SIGN_IDENTITY = "iPhone Developer";
				COPY_PHASE_STRIP = NO;
				DEBUG_INFORMATION_FORMAT = "dwarf-with-dsym";
				ENABLE_NS_ASSERTIONS = NO;
				ENABLE_STRICT_OBJC_MSGSEND = YES;
				GCC_C_LANGUAGE_STANDARD = gnu11;
				GCC_NO_COMMON_BLOCKS = YES;
				GCC_WARN_64_TO_32_BIT_CONVERSION = YES;
				GCC_WARN_ABOUT_RETURN_TYPE = YES_ERROR;
				GCC_WARN_UNDECLARED_SELECTOR = YES;
				GCC_WARN_UNINITIALIZED_AUTOS = YES_AGGRESSIVE;
				GCC_WARN_UNUSED_FUNCTION = YES;
				GCC_WARN_UNUSED_VARIABLE = YES;
				IPHONEOS_DEPLOYMENT_TARGET = 11.0;
				MTL_ENABLE_DEBUG_INFO = NO;
				SDKROOT = iphoneos;
				SWIFT_OPTIMIZATION_LEVEL = "-Owholemodule";
				VALIDATE_PRODUCT = YES;
			};
			name = Release;
		};
		43A7B25B1F69D9D200540DCC /* Debug */ = {
			isa = XCBuildConfiguration;
			buildSettings = {
				ASSETCATALOG_COMPILER_COMPLICATION_NAME = Complication;
				DEVELOPMENT_TEAM = 6B5AP37L3T;
				INFOPLIST_FILE = "Schodule WatchKit Extension/Info.plist";
				LD_RUNPATH_SEARCH_PATHS = "$(inherited) @executable_path/Frameworks @executable_path/../../Frameworks";
				PRODUCT_BUNDLE_IDENTIFIER = com.nicholasgrana.Schodule.watchkitapp.watchkitextension;
				PRODUCT_NAME = "${TARGET_NAME}";
				SDKROOT = watchos;
				SKIP_INSTALL = YES;
				SWIFT_VERSION = 4.0;
				TARGETED_DEVICE_FAMILY = 4;
				WATCHOS_DEPLOYMENT_TARGET = 4.0;
			};
			name = Debug;
		};
		43A7B25C1F69D9D200540DCC /* Release */ = {
			isa = XCBuildConfiguration;
			buildSettings = {
				ASSETCATALOG_COMPILER_COMPLICATION_NAME = Complication;
				DEVELOPMENT_TEAM = 6B5AP37L3T;
				INFOPLIST_FILE = "Schodule WatchKit Extension/Info.plist";
				LD_RUNPATH_SEARCH_PATHS = "$(inherited) @executable_path/Frameworks @executable_path/../../Frameworks";
				PRODUCT_BUNDLE_IDENTIFIER = com.nicholasgrana.Schodule.watchkitapp.watchkitextension;
				PRODUCT_NAME = "${TARGET_NAME}";
				SDKROOT = watchos;
				SKIP_INSTALL = YES;
				SWIFT_VERSION = 4.0;
				TARGETED_DEVICE_FAMILY = 4;
				WATCHOS_DEPLOYMENT_TARGET = 4.0;
			};
			name = Release;
		};
		43A7B25F1F69D9D200540DCC /* Debug */ = {
			isa = XCBuildConfiguration;
			buildSettings = {
				ALWAYS_EMBED_SWIFT_STANDARD_LIBRARIES = YES;
				ASSETCATALOG_COMPILER_APPICON_NAME = AppIcon;
				CLANG_ENABLE_MODULES = YES;
				DEVELOPMENT_TEAM = 6B5AP37L3T;
				IBSC_MODULE = Schodule_WatchKit_Extension;
				INFOPLIST_FILE = "Schodule WatchKit App/Info.plist";
				LD_RUNPATH_SEARCH_PATHS = "$(inherited) @executable_path/../Frameworks @loader_path/../Frameworks";
				PRODUCT_BUNDLE_IDENTIFIER = com.nicholasgrana.Schodule.watchkitapp;
				PRODUCT_NAME = "$(TARGET_NAME)";
				SDKROOT = watchos;
				SKIP_INSTALL = YES;
				SWIFT_OBJC_BRIDGING_HEADER = "Schodule WatchKit Extension/Schodule WatchKit App-Bridging-Header.h";
				SWIFT_OPTIMIZATION_LEVEL = "-Onone";
				SWIFT_VERSION = 4.0;
				TARGETED_DEVICE_FAMILY = 4;
				WATCHOS_DEPLOYMENT_TARGET = 4.0;
			};
			name = Debug;
		};
		43A7B2601F69D9D200540DCC /* Release */ = {
			isa = XCBuildConfiguration;
			buildSettings = {
				ALWAYS_EMBED_SWIFT_STANDARD_LIBRARIES = YES;
				ASSETCATALOG_COMPILER_APPICON_NAME = AppIcon;
				CLANG_ENABLE_MODULES = YES;
				DEVELOPMENT_TEAM = 6B5AP37L3T;
				IBSC_MODULE = Schodule_WatchKit_Extension;
				INFOPLIST_FILE = "Schodule WatchKit App/Info.plist";
				LD_RUNPATH_SEARCH_PATHS = "$(inherited) @executable_path/../Frameworks @loader_path/../Frameworks";
				PRODUCT_BUNDLE_IDENTIFIER = com.nicholasgrana.Schodule.watchkitapp;
				PRODUCT_NAME = "$(TARGET_NAME)";
				SDKROOT = watchos;
				SKIP_INSTALL = YES;
				SWIFT_OBJC_BRIDGING_HEADER = "Schodule WatchKit Extension/Schodule WatchKit App-Bridging-Header.h";
				SWIFT_VERSION = 4.0;
				TARGETED_DEVICE_FAMILY = 4;
				WATCHOS_DEPLOYMENT_TARGET = 4.0;
			};
			name = Release;
		};
		43A7B2631F69D9D200540DCC /* Debug */ = {
			isa = XCBuildConfiguration;
			buildSettings = {
				ASSETCATALOG_COMPILER_APPICON_NAME = AppIcon;
				DEVELOPMENT_TEAM = 6B5AP37L3T;
				INFOPLIST_FILE = Schodule/Info.plist;
				LD_RUNPATH_SEARCH_PATHS = "$(inherited) @executable_path/Frameworks";
				PRODUCT_BUNDLE_IDENTIFIER = com.nicholasgrana.Schodule;
				PRODUCT_NAME = "$(TARGET_NAME)";
				SWIFT_VERSION = 4.0;
				TARGETED_DEVICE_FAMILY = 1;
			};
			name = Debug;
		};
		43A7B2641F69D9D200540DCC /* Release */ = {
			isa = XCBuildConfiguration;
			buildSettings = {
				ASSETCATALOG_COMPILER_APPICON_NAME = AppIcon;
				DEVELOPMENT_TEAM = 6B5AP37L3T;
				INFOPLIST_FILE = Schodule/Info.plist;
				LD_RUNPATH_SEARCH_PATHS = "$(inherited) @executable_path/Frameworks";
				PRODUCT_BUNDLE_IDENTIFIER = com.nicholasgrana.Schodule;
				PRODUCT_NAME = "$(TARGET_NAME)";
				SWIFT_VERSION = 4.0;
				TARGETED_DEVICE_FAMILY = 1;
			};
			name = Release;
		};
/* End XCBuildConfiguration section */

/* Begin XCConfigurationList section */
		43A7B2261F69D9D200540DCC /* Build configuration list for PBXProject "Schodule" */ = {
			isa = XCConfigurationList;
			buildConfigurations = (
				43A7B2581F69D9D200540DCC /* Debug */,
				43A7B2591F69D9D200540DCC /* Release */,
			);
			defaultConfigurationIsVisible = 0;
			defaultConfigurationName = Release;
		};
		43A7B25A1F69D9D200540DCC /* Build configuration list for PBXNativeTarget "Schodule WatchKit Extension" */ = {
			isa = XCConfigurationList;
			buildConfigurations = (
				43A7B25B1F69D9D200540DCC /* Debug */,
				43A7B25C1F69D9D200540DCC /* Release */,
			);
			defaultConfigurationIsVisible = 0;
			defaultConfigurationName = Release;
		};
		43A7B25E1F69D9D200540DCC /* Build configuration list for PBXNativeTarget "Schodule WatchKit App" */ = {
			isa = XCConfigurationList;
			buildConfigurations = (
				43A7B25F1F69D9D200540DCC /* Debug */,
				43A7B2601F69D9D200540DCC /* Release */,
			);
			defaultConfigurationIsVisible = 0;
			defaultConfigurationName = Release;
		};
		43A7B2621F69D9D200540DCC /* Build configuration list for PBXNativeTarget "Schodule" */ = {
			isa = XCConfigurationList;
			buildConfigurations = (
				43A7B2631F69D9D200540DCC /* Debug */,
				43A7B2641F69D9D200540DCC /* Release */,
			);
			defaultConfigurationIsVisible = 0;
			defaultConfigurationName = Release;
		};
/* End XCConfigurationList section */
	};
	rootObject = 43A7B2231F69D9D200540DCC /* Project object */;
}
