// !$*UTF8*$!
{
	archiveVersion = 1;
	classes = {
	};
	objectVersion = 50;
	objects = {

/* Begin PBXBuildFile section */
		031F15C8A7A22AEDF5C39D39 /* Pods_Schoodule.framework in Frameworks */ = {isa = PBXBuildFile; fileRef = 050048E5802618BEE09A18F4 /* Pods_Schoodule.framework */; };
		43307DC521010FD3004B0B76 /* AppDelegate.swift in Sources */ = {isa = PBXBuildFile; fileRef = 43307DC421010FD3004B0B76 /* AppDelegate.swift */; };
		43307DCC21010FD4004B0B76 /* Assets.xcassets in Resources */ = {isa = PBXBuildFile; fileRef = 43307DCB21010FD4004B0B76 /* Assets.xcassets */; };
		43307DCF21010FD4004B0B76 /* LaunchScreen.storyboard in Resources */ = {isa = PBXBuildFile; fileRef = 43307DCD21010FD4004B0B76 /* LaunchScreen.storyboard */; };
		43307DD421010FD4004B0B76 /* Schoodule WatchKit App.app in Embed Watch Content */ = {isa = PBXBuildFile; fileRef = 43307DD321010FD4004B0B76 /* Schoodule WatchKit App.app */; };
		43307DDC21010FD5004B0B76 /* Assets.xcassets in Resources */ = {isa = PBXBuildFile; fileRef = 43307DDB21010FD5004B0B76 /* Assets.xcassets */; };
		43307DE321010FD5004B0B76 /* Schoodule WatchKit Extension.appex in Embed App Extensions */ = {isa = PBXBuildFile; fileRef = 43307DE221010FD5004B0B76 /* Schoodule WatchKit Extension.appex */; settings = {ATTRIBUTES = (RemoveHeadersOnCopy, ); }; };
		43307DEC21010FD5004B0B76 /* Assets.xcassets in Resources */ = {isa = PBXBuildFile; fileRef = 43307DEB21010FD5004B0B76 /* Assets.xcassets */; };
		434050FC2112A70D00F120F0 /* CourseCell.swift in Sources */ = {isa = PBXBuildFile; fileRef = 434050FB2112A70D00F120F0 /* CourseCell.swift */; };
		435C0E6B211D373600FF03C6 /* TextHeaderView.xib in Resources */ = {isa = PBXBuildFile; fileRef = 435C0E6A211D373600FF03C6 /* TextHeaderView.xib */; };
		435C0E6D211D37EA00FF03C6 /* TextHeaderView.swift in Sources */ = {isa = PBXBuildFile; fileRef = 435C0E6C211D37EA00FF03C6 /* TextHeaderView.swift */; };
		435CF07B211C992500288BE8 /* ScheduleHeaderView.xib in Resources */ = {isa = PBXBuildFile; fileRef = 435CF07A211C992500288BE8 /* ScheduleHeaderView.xib */; };
		4377FDAD21178F59003D97B8 /* GradientView.swift in Sources */ = {isa = PBXBuildFile; fileRef = 4377FDAC21178F59003D97B8 /* GradientView.swift */; };
		4379988D2111E3390005E948 /* Array+remove.swift in Sources */ = {isa = PBXBuildFile; fileRef = 4379988C2111E3390005E948 /* Array+remove.swift */; };
		43BB8E1C211244F20036105B /* ScheduleFormHandler.swift in Sources */ = {isa = PBXBuildFile; fileRef = 43BB8E1B211244F20036105B /* ScheduleFormHandler.swift */; };
		43BF69D2211A82BC00C9A8B4 /* Interface.storyboard in Resources */ = {isa = PBXBuildFile; fileRef = 43BF69D1211A82BC00C9A8B4 /* Interface.storyboard */; };
		43BF69D4211A83BC00C9A8B4 /* ClassRow.swift in Sources */ = {isa = PBXBuildFile; fileRef = 43BF69D3211A83BC00C9A8B4 /* ClassRow.swift */; };
		43BF69D6211A83EE00C9A8B4 /* InterfaceController.swift in Sources */ = {isa = PBXBuildFile; fileRef = 43BF69D5211A83EE00C9A8B4 /* InterfaceController.swift */; };
		43BF69D7211A842B00C9A8B4 /* Storage.swift in Sources */ = {isa = PBXBuildFile; fileRef = 43C3B7FF21011077003904E8 /* Storage.swift */; };
		43BF69D8211A842E00C9A8B4 /* Schedule.swift in Sources */ = {isa = PBXBuildFile; fileRef = 43C3B80021011077003904E8 /* Schedule.swift */; };
		43BF69D9211A843100C9A8B4 /* Course.swift in Sources */ = {isa = PBXBuildFile; fileRef = 43C3B80121011077003904E8 /* Course.swift */; };
		43BF69DA211A843300C9A8B4 /* ScheduleList.swift in Sources */ = {isa = PBXBuildFile; fileRef = 43C3B80221011077003904E8 /* ScheduleList.swift */; };
		43BF69DB211A843700C9A8B4 /* Time.swift in Sources */ = {isa = PBXBuildFile; fileRef = 43C3B80421011077003904E8 /* Time.swift */; };
		43BF69DC211A843A00C9A8B4 /* TimeConstraint.swift in Sources */ = {isa = PBXBuildFile; fileRef = 43C3B80621011077003904E8 /* TimeConstraint.swift */; };
		43BF69DD211A843C00C9A8B4 /* Day.swift in Sources */ = {isa = PBXBuildFile; fileRef = 43C3B80521011077003904E8 /* Day.swift */; };
		43BF69DF211A844600C9A8B4 /* Date+Formatter.swift in Sources */ = {isa = PBXBuildFile; fileRef = 43C3B80921011077003904E8 /* Date+Formatter.swift */; };
		43BF69E0211A844900C9A8B4 /* Array+remove.swift in Sources */ = {isa = PBXBuildFile; fileRef = 4379988C2111E3390005E948 /* Array+remove.swift */; };
		43BF69E2211A844D00C9A8B4 /* Gradient.swift in Sources */ = {isa = PBXBuildFile; fileRef = 43F64EA72117C0A100BE3D88 /* Gradient.swift */; };
		43BF69E4211A872000C9A8B4 /* ComplicationStore.swift in Sources */ = {isa = PBXBuildFile; fileRef = 43BF69E3211A872000C9A8B4 /* ComplicationStore.swift */; };
		43BF69E6211A877C00C9A8B4 /* ExtensionDelegate.swift in Sources */ = {isa = PBXBuildFile; fileRef = 43BF69E5211A877C00C9A8B4 /* ExtensionDelegate.swift */; };
		43BF69E8211A882E00C9A8B4 /* SchooduleComplicationController.swift in Sources */ = {isa = PBXBuildFile; fileRef = 43BF69E7211A882E00C9A8B4 /* SchooduleComplicationController.swift */; };
		43C3B80B21011077003904E8 /* Storage.swift in Sources */ = {isa = PBXBuildFile; fileRef = 43C3B7FF21011077003904E8 /* Storage.swift */; };
		43C3B80C21011077003904E8 /* Schedule.swift in Sources */ = {isa = PBXBuildFile; fileRef = 43C3B80021011077003904E8 /* Schedule.swift */; };
		43C3B80D21011077003904E8 /* Course.swift in Sources */ = {isa = PBXBuildFile; fileRef = 43C3B80121011077003904E8 /* Course.swift */; };
		43C3B80E21011077003904E8 /* ScheduleList.swift in Sources */ = {isa = PBXBuildFile; fileRef = 43C3B80221011077003904E8 /* ScheduleList.swift */; };
		43C3B80F21011077003904E8 /* Time.swift in Sources */ = {isa = PBXBuildFile; fileRef = 43C3B80421011077003904E8 /* Time.swift */; };
		43C3B81021011077003904E8 /* Day.swift in Sources */ = {isa = PBXBuildFile; fileRef = 43C3B80521011077003904E8 /* Day.swift */; };
		43C3B81121011077003904E8 /* TimeConstraint.swift in Sources */ = {isa = PBXBuildFile; fileRef = 43C3B80621011077003904E8 /* TimeConstraint.swift */; };
		43C3B81221011077003904E8 /* UIColor+Themes.swift in Sources */ = {isa = PBXBuildFile; fileRef = 43C3B80821011077003904E8 /* UIColor+Themes.swift */; };
		43C3B81321011077003904E8 /* Date+Formatter.swift in Sources */ = {isa = PBXBuildFile; fileRef = 43C3B80921011077003904E8 /* Date+Formatter.swift */; };
		43C3B81621011081003904E8 /* ClassCreateController.swift in Sources */ = {isa = PBXBuildFile; fileRef = 43C3B81521011081003904E8 /* ClassCreateController.swift */; };
		43C3B81821011086003904E8 /* MainTableViewController.swift in Sources */ = {isa = PBXBuildFile; fileRef = 43C3B81721011086003904E8 /* MainTableViewController.swift */; };
		43C3B81A2101108C003904E8 /* Main.storyboard in Resources */ = {isa = PBXBuildFile; fileRef = 43C3B8192101108C003904E8 /* Main.storyboard */; };
		43D51E87211CE04F00931326 /* ScheduleHeaderView.swift in Sources */ = {isa = PBXBuildFile; fileRef = 43D51E86211CE04F00931326 /* ScheduleHeaderView.swift */; };
		43F64EA82117C0A100BE3D88 /* Gradient.swift in Sources */ = {isa = PBXBuildFile; fileRef = 43F64EA72117C0A100BE3D88 /* Gradient.swift */; };
/* End PBXBuildFile section */

/* Begin PBXContainerItemProxy section */
		43307DD521010FD4004B0B76 /* PBXContainerItemProxy */ = {
			isa = PBXContainerItemProxy;
			containerPortal = 43307DB921010FD3004B0B76 /* Project object */;
			proxyType = 1;
			remoteGlobalIDString = 43307DD221010FD4004B0B76;
			remoteInfo = "Schoodule WatchKit App";
		};
		43307DE421010FD5004B0B76 /* PBXContainerItemProxy */ = {
			isa = PBXContainerItemProxy;
			containerPortal = 43307DB921010FD3004B0B76 /* Project object */;
			proxyType = 1;
			remoteGlobalIDString = 43307DE121010FD5004B0B76;
			remoteInfo = "Schoodule WatchKit Extension";
		};
/* End PBXContainerItemProxy section */

/* Begin PBXCopyFilesBuildPhase section */
		43307DF321010FD5004B0B76 /* Embed App Extensions */ = {
			isa = PBXCopyFilesBuildPhase;
			buildActionMask = 2147483647;
			dstPath = "";
			dstSubfolderSpec = 13;
			files = (
				43307DE321010FD5004B0B76 /* Schoodule WatchKit Extension.appex in Embed App Extensions */,
			);
			name = "Embed App Extensions";
			runOnlyForDeploymentPostprocessing = 0;
		};
		43307DF721010FD5004B0B76 /* Embed Watch Content */ = {
			isa = PBXCopyFilesBuildPhase;
			buildActionMask = 2147483647;
			dstPath = "$(CONTENTS_FOLDER_PATH)/Watch";
			dstSubfolderSpec = 16;
			files = (
				43307DD421010FD4004B0B76 /* Schoodule WatchKit App.app in Embed Watch Content */,
			);
			name = "Embed Watch Content";
			runOnlyForDeploymentPostprocessing = 0;
		};
/* End PBXCopyFilesBuildPhase section */

/* Begin PBXFileReference section */
		050048E5802618BEE09A18F4 /* Pods_Schoodule.framework */ = {isa = PBXFileReference; explicitFileType = wrapper.framework; includeInIndex = 0; path = Pods_Schoodule.framework; sourceTree = BUILT_PRODUCTS_DIR; };
		43307DC121010FD3004B0B76 /* Schoodule.app */ = {isa = PBXFileReference; explicitFileType = wrapper.application; includeInIndex = 0; path = Schoodule.app; sourceTree = BUILT_PRODUCTS_DIR; };
		43307DC421010FD3004B0B76 /* AppDelegate.swift */ = {isa = PBXFileReference; lastKnownFileType = sourcecode.swift; path = AppDelegate.swift; sourceTree = "<group>"; };
		43307DCB21010FD4004B0B76 /* Assets.xcassets */ = {isa = PBXFileReference; lastKnownFileType = folder.assetcatalog; path = Assets.xcassets; sourceTree = "<group>"; };
		43307DCE21010FD4004B0B76 /* Base */ = {isa = PBXFileReference; lastKnownFileType = file.storyboard; name = Base; path = Base.lproj/LaunchScreen.storyboard; sourceTree = "<group>"; };
		43307DD021010FD4004B0B76 /* Info.plist */ = {isa = PBXFileReference; lastKnownFileType = text.plist.xml; path = Info.plist; sourceTree = "<group>"; };
		43307DD321010FD4004B0B76 /* Schoodule WatchKit App.app */ = {isa = PBXFileReference; explicitFileType = wrapper.application; includeInIndex = 0; path = "Schoodule WatchKit App.app"; sourceTree = BUILT_PRODUCTS_DIR; };
		43307DDB21010FD5004B0B76 /* Assets.xcassets */ = {isa = PBXFileReference; lastKnownFileType = folder.assetcatalog; path = Assets.xcassets; sourceTree = "<group>"; };
		43307DDD21010FD5004B0B76 /* Info.plist */ = {isa = PBXFileReference; lastKnownFileType = text.plist.xml; path = Info.plist; sourceTree = "<group>"; };
		43307DE221010FD5004B0B76 /* Schoodule WatchKit Extension.appex */ = {isa = PBXFileReference; explicitFileType = "wrapper.app-extension"; includeInIndex = 0; path = "Schoodule WatchKit Extension.appex"; sourceTree = BUILT_PRODUCTS_DIR; };
		43307DEB21010FD5004B0B76 /* Assets.xcassets */ = {isa = PBXFileReference; lastKnownFileType = folder.assetcatalog; path = Assets.xcassets; sourceTree = "<group>"; };
		43307DED21010FD5004B0B76 /* Info.plist */ = {isa = PBXFileReference; lastKnownFileType = text.plist.xml; path = Info.plist; sourceTree = "<group>"; };
		434050FB2112A70D00F120F0 /* CourseCell.swift */ = {isa = PBXFileReference; lastKnownFileType = sourcecode.swift; path = CourseCell.swift; sourceTree = "<group>"; };
		435C0E6A211D373600FF03C6 /* TextHeaderView.xib */ = {isa = PBXFileReference; lastKnownFileType = file.xib; path = TextHeaderView.xib; sourceTree = "<group>"; };
		435C0E6C211D37EA00FF03C6 /* TextHeaderView.swift */ = {isa = PBXFileReference; lastKnownFileType = sourcecode.swift; path = TextHeaderView.swift; sourceTree = "<group>"; };
		435CF07A211C992500288BE8 /* ScheduleHeaderView.xib */ = {isa = PBXFileReference; lastKnownFileType = file.xib; path = ScheduleHeaderView.xib; sourceTree = "<group>"; };
		4377FDAC21178F59003D97B8 /* GradientView.swift */ = {isa = PBXFileReference; lastKnownFileType = sourcecode.swift; path = GradientView.swift; sourceTree = "<group>"; };
		4379988C2111E3390005E948 /* Array+remove.swift */ = {isa = PBXFileReference; lastKnownFileType = sourcecode.swift; path = "Array+remove.swift"; sourceTree = "<group>"; };
		43BB8E1B211244F20036105B /* ScheduleFormHandler.swift */ = {isa = PBXFileReference; lastKnownFileType = sourcecode.swift; path = ScheduleFormHandler.swift; sourceTree = "<group>"; };
		43BF69D1211A82BC00C9A8B4 /* Interface.storyboard */ = {isa = PBXFileReference; fileEncoding = 4; lastKnownFileType = file.storyboard; path = Interface.storyboard; sourceTree = "<group>"; };
		43BF69D3211A83BC00C9A8B4 /* ClassRow.swift */ = {isa = PBXFileReference; fileEncoding = 4; lastKnownFileType = sourcecode.swift; path = ClassRow.swift; sourceTree = "<group>"; };
		43BF69D5211A83EE00C9A8B4 /* InterfaceController.swift */ = {isa = PBXFileReference; fileEncoding = 4; lastKnownFileType = sourcecode.swift; name = InterfaceController.swift; path = "../../Schoodule App/Schoodule/Schoodule WatchKit Extension/controllers/InterfaceController.swift"; sourceTree = "<group>"; };
		43BF69E3211A872000C9A8B4 /* ComplicationStore.swift */ = {isa = PBXFileReference; fileEncoding = 4; lastKnownFileType = sourcecode.swift; path = ComplicationStore.swift; sourceTree = "<group>"; };
		43BF69E5211A877C00C9A8B4 /* ExtensionDelegate.swift */ = {isa = PBXFileReference; fileEncoding = 4; lastKnownFileType = sourcecode.swift; name = ExtensionDelegate.swift; path = "../../Schoodule App/Schoodule/Schoodule WatchKit Extension/ExtensionDelegate.swift"; sourceTree = "<group>"; };
		43BF69E7211A882E00C9A8B4 /* SchooduleComplicationController.swift */ = {isa = PBXFileReference; fileEncoding = 4; lastKnownFileType = sourcecode.swift; path = SchooduleComplicationController.swift; sourceTree = "<group>"; };
		43C3B7FF21011077003904E8 /* Storage.swift */ = {isa = PBXFileReference; fileEncoding = 4; lastKnownFileType = sourcecode.swift; path = Storage.swift; sourceTree = "<group>"; };
		43C3B80021011077003904E8 /* Schedule.swift */ = {isa = PBXFileReference; fileEncoding = 4; lastKnownFileType = sourcecode.swift; path = Schedule.swift; sourceTree = "<group>"; };
		43C3B80121011077003904E8 /* Course.swift */ = {isa = PBXFileReference; fileEncoding = 4; lastKnownFileType = sourcecode.swift; path = Course.swift; sourceTree = "<group>"; };
		43C3B80221011077003904E8 /* ScheduleList.swift */ = {isa = PBXFileReference; fileEncoding = 4; lastKnownFileType = sourcecode.swift; path = ScheduleList.swift; sourceTree = "<group>"; };
		43C3B80421011077003904E8 /* Time.swift */ = {isa = PBXFileReference; fileEncoding = 4; lastKnownFileType = sourcecode.swift; path = Time.swift; sourceTree = "<group>"; };
		43C3B80521011077003904E8 /* Day.swift */ = {isa = PBXFileReference; fileEncoding = 4; lastKnownFileType = sourcecode.swift; path = Day.swift; sourceTree = "<group>"; };
		43C3B80621011077003904E8 /* TimeConstraint.swift */ = {isa = PBXFileReference; fileEncoding = 4; lastKnownFileType = sourcecode.swift; path = TimeConstraint.swift; sourceTree = "<group>"; };
		43C3B80821011077003904E8 /* UIColor+Themes.swift */ = {isa = PBXFileReference; fileEncoding = 4; lastKnownFileType = sourcecode.swift; path = "UIColor+Themes.swift"; sourceTree = "<group>"; };
		43C3B80921011077003904E8 /* Date+Formatter.swift */ = {isa = PBXFileReference; fileEncoding = 4; lastKnownFileType = sourcecode.swift; path = "Date+Formatter.swift"; sourceTree = "<group>"; };
		43C3B81521011081003904E8 /* ClassCreateController.swift */ = {isa = PBXFileReference; fileEncoding = 4; lastKnownFileType = sourcecode.swift; path = ClassCreateController.swift; sourceTree = "<group>"; };
		43C3B81721011086003904E8 /* MainTableViewController.swift */ = {isa = PBXFileReference; fileEncoding = 4; lastKnownFileType = sourcecode.swift; path = MainTableViewController.swift; sourceTree = "<group>"; };
		43C3B8192101108C003904E8 /* Main.storyboard */ = {isa = PBXFileReference; fileEncoding = 4; lastKnownFileType = file.storyboard; path = Main.storyboard; sourceTree = "<group>"; };
		43D51E86211CE04F00931326 /* ScheduleHeaderView.swift */ = {isa = PBXFileReference; lastKnownFileType = sourcecode.swift; path = ScheduleHeaderView.swift; sourceTree = "<group>"; };
		43F64EA72117C0A100BE3D88 /* Gradient.swift */ = {isa = PBXFileReference; lastKnownFileType = sourcecode.swift; path = Gradient.swift; sourceTree = "<group>"; };
		E676FAAF4A68433D48AD9A3E /* Pods-Schoodule.debug.xcconfig */ = {isa = PBXFileReference; includeInIndex = 1; lastKnownFileType = text.xcconfig; name = "Pods-Schoodule.debug.xcconfig"; path = "Pods/Target Support Files/Pods-Schoodule/Pods-Schoodule.debug.xcconfig"; sourceTree = "<group>"; };
		EEC63B40CCE16178B62B73CF /* Pods-Schoodule.release.xcconfig */ = {isa = PBXFileReference; includeInIndex = 1; lastKnownFileType = text.xcconfig; name = "Pods-Schoodule.release.xcconfig"; path = "Pods/Target Support Files/Pods-Schoodule/Pods-Schoodule.release.xcconfig"; sourceTree = "<group>"; };
/* End PBXFileReference section */

/* Begin PBXFrameworksBuildPhase section */
		43307DBE21010FD3004B0B76 /* Frameworks */ = {
			isa = PBXFrameworksBuildPhase;
			buildActionMask = 2147483647;
			files = (
				031F15C8A7A22AEDF5C39D39 /* Pods_Schoodule.framework in Frameworks */,
			);
			runOnlyForDeploymentPostprocessing = 0;
		};
		43307DDF21010FD5004B0B76 /* Frameworks */ = {
			isa = PBXFrameworksBuildPhase;
			buildActionMask = 2147483647;
			files = (
			);
			runOnlyForDeploymentPostprocessing = 0;
		};
		5B2D10202E7BCBFD7C121960 /* Frameworks */ = {
			isa = PBXFrameworksBuildPhase;
			buildActionMask = 2147483647;
			files = (
			);
			runOnlyForDeploymentPostprocessing = 0;
		};
/* End PBXFrameworksBuildPhase section */

/* Begin PBXGroup section */
		43307DB821010FD3004B0B76 = {
			isa = PBXGroup;
			children = (
				43C3B7FD21011077003904E8 /* Shared */,
				43F64EA72117C0A100BE3D88 /* Gradient.swift */,
				43307DC321010FD3004B0B76 /* Schoodule */,
				43307DD721010FD4004B0B76 /* Schoodule WatchKit App */,
				43307DE621010FD5004B0B76 /* Schoodule WatchKit Extension */,
				43307DC221010FD3004B0B76 /* Products */,
				B2F4C6490D01865578AEDB8F /* Pods */,
				A32B2B6EE65E00CC025B9257 /* Frameworks */,
			);
			sourceTree = "<group>";
		};
		43307DC221010FD3004B0B76 /* Products */ = {
			isa = PBXGroup;
			children = (
				43307DC121010FD3004B0B76 /* Schoodule.app */,
				43307DD321010FD4004B0B76 /* Schoodule WatchKit App.app */,
				43307DE221010FD5004B0B76 /* Schoodule WatchKit Extension.appex */,
			);
			name = Products;
			sourceTree = "<group>";
		};
		43307DC321010FD3004B0B76 /* Schoodule */ = {
			isa = PBXGroup;
			children = (
				43307DC421010FD3004B0B76 /* AppDelegate.swift */,
				43C3B8192101108C003904E8 /* Main.storyboard */,
				43307DCB21010FD4004B0B76 /* Assets.xcassets */,
				43307DCD21010FD4004B0B76 /* LaunchScreen.storyboard */,
				43307DD021010FD4004B0B76 /* Info.plist */,
				43C3B81521011081003904E8 /* ClassCreateController.swift */,
				43C3B81721011086003904E8 /* MainTableViewController.swift */,
				43BB8E1B211244F20036105B /* ScheduleFormHandler.swift */,
				435CF07A211C992500288BE8 /* ScheduleHeaderView.xib */,
				434050FB2112A70D00F120F0 /* CourseCell.swift */,
				4377FDAC21178F59003D97B8 /* GradientView.swift */,
				43D51E86211CE04F00931326 /* ScheduleHeaderView.swift */,
				435C0E6A211D373600FF03C6 /* TextHeaderView.xib */,
				435C0E6C211D37EA00FF03C6 /* TextHeaderView.swift */,
			);
			path = Schoodule;
			sourceTree = "<group>";
		};
		43307DD721010FD4004B0B76 /* Schoodule WatchKit App */ = {
			isa = PBXGroup;
			children = (
				43BF69D1211A82BC00C9A8B4 /* Interface.storyboard */,
				43307DDB21010FD5004B0B76 /* Assets.xcassets */,
				43307DDD21010FD5004B0B76 /* Info.plist */,
			);
			path = "Schoodule WatchKit App";
			sourceTree = "<group>";
		};
		43307DE621010FD5004B0B76 /* Schoodule WatchKit Extension */ = {
			isa = PBXGroup;
			children = (
				43BF69E3211A872000C9A8B4 /* ComplicationStore.swift */,
				43BF69D5211A83EE00C9A8B4 /* InterfaceController.swift */,
				43BF69E5211A877C00C9A8B4 /* ExtensionDelegate.swift */,
				43BF69E7211A882E00C9A8B4 /* SchooduleComplicationController.swift */,
				43BF69D3211A83BC00C9A8B4 /* ClassRow.swift */,
				43307DEB21010FD5004B0B76 /* Assets.xcassets */,
				43307DED21010FD5004B0B76 /* Info.plist */,
			);
			path = "Schoodule WatchKit Extension";
			sourceTree = "<group>";
		};
		43C3B7FD21011077003904E8 /* Shared */ = {
			isa = PBXGroup;
			children = (
				43C3B7FE21011077003904E8 /* schedule */,
				43C3B80321011077003904E8 /* time */,
				43C3B80721011077003904E8 /* extensions */,
			);
			path = Shared;
			sourceTree = "<group>";
		};
		43C3B7FE21011077003904E8 /* schedule */ = {
			isa = PBXGroup;
			children = (
				43C3B7FF21011077003904E8 /* Storage.swift */,
				43C3B80021011077003904E8 /* Schedule.swift */,
				43C3B80121011077003904E8 /* Course.swift */,
				43C3B80221011077003904E8 /* ScheduleList.swift */,
			);
			path = schedule;
			sourceTree = "<group>";
		};
		43C3B80321011077003904E8 /* time */ = {
			isa = PBXGroup;
			children = (
				43C3B80421011077003904E8 /* Time.swift */,
				43C3B80521011077003904E8 /* Day.swift */,
				43C3B80621011077003904E8 /* TimeConstraint.swift */,
			);
			path = time;
			sourceTree = "<group>";
		};
		43C3B80721011077003904E8 /* extensions */ = {
			isa = PBXGroup;
			children = (
				43C3B80821011077003904E8 /* UIColor+Themes.swift */,
				43C3B80921011077003904E8 /* Date+Formatter.swift */,
				4379988C2111E3390005E948 /* Array+remove.swift */,
			);
			path = extensions;
			sourceTree = "<group>";
		};
		A32B2B6EE65E00CC025B9257 /* Frameworks */ = {
			isa = PBXGroup;
			children = (
				050048E5802618BEE09A18F4 /* Pods_Schoodule.framework */,
			);
			name = Frameworks;
			sourceTree = "<group>";
		};
		B2F4C6490D01865578AEDB8F /* Pods */ = {
			isa = PBXGroup;
			children = (
				E676FAAF4A68433D48AD9A3E /* Pods-Schoodule.debug.xcconfig */,
				EEC63B40CCE16178B62B73CF /* Pods-Schoodule.release.xcconfig */,
			);
			name = Pods;
			sourceTree = "<group>";
		};
/* End PBXGroup section */

/* Begin PBXNativeTarget section */
		43307DC021010FD3004B0B76 /* Schoodule */ = {
			isa = PBXNativeTarget;
			buildConfigurationList = 43307DF821010FD5004B0B76 /* Build configuration list for PBXNativeTarget "Schoodule" */;
			buildPhases = (
				1C528F1D38F696588212FE7D /* [CP] Check Pods Manifest.lock */,
				43307DBD21010FD3004B0B76 /* Sources */,
				43307DBE21010FD3004B0B76 /* Frameworks */,
				43307DBF21010FD3004B0B76 /* Resources */,
				43307DF721010FD5004B0B76 /* Embed Watch Content */,
				F56B8788F38120D7D70D794C /* [CP] Embed Pods Frameworks */,
			);
			buildRules = (
			);
			dependencies = (
				43307DD621010FD4004B0B76 /* PBXTargetDependency */,
			);
			name = Schoodule;
			productName = Schoodule;
			productReference = 43307DC121010FD3004B0B76 /* Schoodule.app */;
			productType = "com.apple.product-type.application";
		};
		43307DD221010FD4004B0B76 /* Schoodule WatchKit App */ = {
			isa = PBXNativeTarget;
			buildConfigurationList = 43307DF421010FD5004B0B76 /* Build configuration list for PBXNativeTarget "Schoodule WatchKit App" */;
			buildPhases = (
				43307DD121010FD4004B0B76 /* Resources */,
				43307DF321010FD5004B0B76 /* Embed App Extensions */,
				5B2D10202E7BCBFD7C121960 /* Frameworks */,
			);
			buildRules = (
			);
			dependencies = (
				43307DE521010FD5004B0B76 /* PBXTargetDependency */,
			);
			name = "Schoodule WatchKit App";
			productName = "Schoodule WatchKit App";
			productReference = 43307DD321010FD4004B0B76 /* Schoodule WatchKit App.app */;
			productType = "com.apple.product-type.application.watchapp2";
		};
		43307DE121010FD5004B0B76 /* Schoodule WatchKit Extension */ = {
			isa = PBXNativeTarget;
			buildConfigurationList = 43307DF021010FD5004B0B76 /* Build configuration list for PBXNativeTarget "Schoodule WatchKit Extension" */;
			buildPhases = (
				43307DDE21010FD5004B0B76 /* Sources */,
				43307DDF21010FD5004B0B76 /* Frameworks */,
				43307DE021010FD5004B0B76 /* Resources */,
			);
			buildRules = (
			);
			dependencies = (
			);
			name = "Schoodule WatchKit Extension";
			productName = "Schoodule WatchKit Extension";
			productReference = 43307DE221010FD5004B0B76 /* Schoodule WatchKit Extension.appex */;
			productType = "com.apple.product-type.watchkit2-extension";
		};
/* End PBXNativeTarget section */

/* Begin PBXProject section */
		43307DB921010FD3004B0B76 /* Project object */ = {
			isa = PBXProject;
			attributes = {
				LastSwiftUpdateCheck = 0940;
				LastUpgradeCheck = 0940;
				ORGANIZATIONNAME = "Nicholas Grana";
				TargetAttributes = {
					43307DC021010FD3004B0B76 = {
						CreatedOnToolsVersion = 9.4.1;
					};
					43307DD221010FD4004B0B76 = {
						CreatedOnToolsVersion = 9.4.1;
						LastSwiftMigration = 1000;
					};
					43307DE121010FD5004B0B76 = {
						CreatedOnToolsVersion = 9.4.1;
					};
				};
			};
			buildConfigurationList = 43307DBC21010FD3004B0B76 /* Build configuration list for PBXProject "Schoodule" */;
			compatibilityVersion = "Xcode 9.3";
			developmentRegion = en;
			hasScannedForEncodings = 0;
			knownRegions = (
				en,
				Base,
			);
			mainGroup = 43307DB821010FD3004B0B76;
			productRefGroup = 43307DC221010FD3004B0B76 /* Products */;
			projectDirPath = "";
			projectRoot = "";
			targets = (
				43307DC021010FD3004B0B76 /* Schoodule */,
				43307DD221010FD4004B0B76 /* Schoodule WatchKit App */,
				43307DE121010FD5004B0B76 /* Schoodule WatchKit Extension */,
			);
		};
/* End PBXProject section */

/* Begin PBXResourcesBuildPhase section */
		43307DBF21010FD3004B0B76 /* Resources */ = {
			isa = PBXResourcesBuildPhase;
			buildActionMask = 2147483647;
			files = (
				435CF07B211C992500288BE8 /* ScheduleHeaderView.xib in Resources */,
				435C0E6B211D373600FF03C6 /* TextHeaderView.xib in Resources */,
				43307DCF21010FD4004B0B76 /* LaunchScreen.storyboard in Resources */,
				43307DCC21010FD4004B0B76 /* Assets.xcassets in Resources */,
				43C3B81A2101108C003904E8 /* Main.storyboard in Resources */,
			);
			runOnlyForDeploymentPostprocessing = 0;
		};
		43307DD121010FD4004B0B76 /* Resources */ = {
			isa = PBXResourcesBuildPhase;
			buildActionMask = 2147483647;
			files = (
				43BF69D2211A82BC00C9A8B4 /* Interface.storyboard in Resources */,
				43307DDC21010FD5004B0B76 /* Assets.xcassets in Resources */,
			);
			runOnlyForDeploymentPostprocessing = 0;
		};
		43307DE021010FD5004B0B76 /* Resources */ = {
			isa = PBXResourcesBuildPhase;
			buildActionMask = 2147483647;
			files = (
				43307DEC21010FD5004B0B76 /* Assets.xcassets in Resources */,
			);
			runOnlyForDeploymentPostprocessing = 0;
		};
/* End PBXResourcesBuildPhase section */

/* Begin PBXShellScriptBuildPhase section */
		1C528F1D38F696588212FE7D /* [CP] Check Pods Manifest.lock */ = {
			isa = PBXShellScriptBuildPhase;
			buildActionMask = 2147483647;
			files = (
			);
			inputPaths = (
				"${PODS_PODFILE_DIR_PATH}/Podfile.lock",
				"${PODS_ROOT}/Manifest.lock",
			);
			name = "[CP] Check Pods Manifest.lock";
			outputPaths = (
				"$(DERIVED_FILE_DIR)/Pods-Schoodule-checkManifestLockResult.txt",
			);
			runOnlyForDeploymentPostprocessing = 0;
			shellPath = /bin/sh;
			shellScript = "diff \"${PODS_PODFILE_DIR_PATH}/Podfile.lock\" \"${PODS_ROOT}/Manifest.lock\" > /dev/null\nif [ $? != 0 ] ; then\n    # print error to STDERR\n    echo \"error: The sandbox is not in sync with the Podfile.lock. Run 'pod install' or update your CocoaPods installation.\" >&2\n    exit 1\nfi\n# This output is used by Xcode 'outputs' to avoid re-running this script phase.\necho \"SUCCESS\" > \"${SCRIPT_OUTPUT_FILE_0}\"\n";
			showEnvVarsInLog = 0;
		};
		F56B8788F38120D7D70D794C /* [CP] Embed Pods Frameworks */ = {
			isa = PBXShellScriptBuildPhase;
			buildActionMask = 2147483647;
			files = (
			);
			inputPaths = (
				"${SRCROOT}/Pods/Target Support Files/Pods-Schoodule/Pods-Schoodule-frameworks.sh",
				"${BUILT_PRODUCTS_DIR}/ColorPickerRow/ColorPickerRow.framework",
				"${BUILT_PRODUCTS_DIR}/Eureka/Eureka.framework",
				"${BUILT_PRODUCTS_DIR}/SCLAlertView/SCLAlertView.framework",
				"${BUILT_PRODUCTS_DIR}/UIColor_Hex_Swift/UIColor_Hex_Swift.framework",
			);
			name = "[CP] Embed Pods Frameworks";
			outputPaths = (
				"${TARGET_BUILD_DIR}/${FRAMEWORKS_FOLDER_PATH}/ColorPickerRow.framework",
				"${TARGET_BUILD_DIR}/${FRAMEWORKS_FOLDER_PATH}/Eureka.framework",
				"${TARGET_BUILD_DIR}/${FRAMEWORKS_FOLDER_PATH}/SCLAlertView.framework",
				"${TARGET_BUILD_DIR}/${FRAMEWORKS_FOLDER_PATH}/UIColor_Hex_Swift.framework",
			);
			runOnlyForDeploymentPostprocessing = 0;
			shellPath = /bin/sh;
			shellScript = "\"${SRCROOT}/Pods/Target Support Files/Pods-Schoodule/Pods-Schoodule-frameworks.sh\"\n";
			showEnvVarsInLog = 0;
		};
/* End PBXShellScriptBuildPhase section */

/* Begin PBXSourcesBuildPhase section */
		43307DBD21010FD3004B0B76 /* Sources */ = {
			isa = PBXSourcesBuildPhase;
			buildActionMask = 2147483647;
			files = (
				43C3B81321011077003904E8 /* Date+Formatter.swift in Sources */,
				43BB8E1C211244F20036105B /* ScheduleFormHandler.swift in Sources */,
				43307DC521010FD3004B0B76 /* AppDelegate.swift in Sources */,
				43C3B81021011077003904E8 /* Day.swift in Sources */,
				43D51E87211CE04F00931326 /* ScheduleHeaderView.swift in Sources */,
				43F64EA82117C0A100BE3D88 /* Gradient.swift in Sources */,
				4379988D2111E3390005E948 /* Array+remove.swift in Sources */,
				43C3B81621011081003904E8 /* ClassCreateController.swift in Sources */,
				4377FDAD21178F59003D97B8 /* GradientView.swift in Sources */,
				43C3B80F21011077003904E8 /* Time.swift in Sources */,
				43C3B81821011086003904E8 /* MainTableViewController.swift in Sources */,
				43C3B81121011077003904E8 /* TimeConstraint.swift in Sources */,
				434050FC2112A70D00F120F0 /* CourseCell.swift in Sources */,
				43C3B80D21011077003904E8 /* Course.swift in Sources */,
				43C3B80C21011077003904E8 /* Schedule.swift in Sources */,
				43C3B81221011077003904E8 /* UIColor+Themes.swift in Sources */,
				435C0E6D211D37EA00FF03C6 /* TextHeaderView.swift in Sources */,
				43C3B80E21011077003904E8 /* ScheduleList.swift in Sources */,
				43C3B80B21011077003904E8 /* Storage.swift in Sources */,
			);
			runOnlyForDeploymentPostprocessing = 0;
		};
		43307DDE21010FD5004B0B76 /* Sources */ = {
			isa = PBXSourcesBuildPhase;
			buildActionMask = 2147483647;
			files = (
				43BF69D9211A843100C9A8B4 /* Course.swift in Sources */,
				43BF69DA211A843300C9A8B4 /* ScheduleList.swift in Sources */,
				43BF69D4211A83BC00C9A8B4 /* ClassRow.swift in Sources */,
				43BF69D7211A842B00C9A8B4 /* Storage.swift in Sources */,
				43BF69DF211A844600C9A8B4 /* Date+Formatter.swift in Sources */,
				43BF69E2211A844D00C9A8B4 /* Gradient.swift in Sources */,
				43BF69DC211A843A00C9A8B4 /* TimeConstraint.swift in Sources */,
				43BF69E4211A872000C9A8B4 /* ComplicationStore.swift in Sources */,
				43BF69DB211A843700C9A8B4 /* Time.swift in Sources */,
				43BF69E6211A877C00C9A8B4 /* ExtensionDelegate.swift in Sources */,
				43BF69D6211A83EE00C9A8B4 /* InterfaceController.swift in Sources */,
				43BF69E8211A882E00C9A8B4 /* SchooduleComplicationController.swift in Sources */,
				43BF69D8211A842E00C9A8B4 /* Schedule.swift in Sources */,
				43BF69E0211A844900C9A8B4 /* Array+remove.swift in Sources */,
				43BF69DD211A843C00C9A8B4 /* Day.swift in Sources */,
			);
			runOnlyForDeploymentPostprocessing = 0;
		};
/* End PBXSourcesBuildPhase section */

/* Begin PBXTargetDependency section */
		43307DD621010FD4004B0B76 /* PBXTargetDependency */ = {
			isa = PBXTargetDependency;
			target = 43307DD221010FD4004B0B76 /* Schoodule WatchKit App */;
			targetProxy = 43307DD521010FD4004B0B76 /* PBXContainerItemProxy */;
		};
		43307DE521010FD5004B0B76 /* PBXTargetDependency */ = {
			isa = PBXTargetDependency;
			target = 43307DE121010FD5004B0B76 /* Schoodule WatchKit Extension */;
			targetProxy = 43307DE421010FD5004B0B76 /* PBXContainerItemProxy */;
		};
/* End PBXTargetDependency section */

/* Begin PBXVariantGroup section */
		43307DCD21010FD4004B0B76 /* LaunchScreen.storyboard */ = {
			isa = PBXVariantGroup;
			children = (
				43307DCE21010FD4004B0B76 /* Base */,
			);
			name = LaunchScreen.storyboard;
			sourceTree = "<group>";
		};
/* End PBXVariantGroup section */

/* Begin XCBuildConfiguration section */
		43307DEE21010FD5004B0B76 /* Debug */ = {
			isa = XCBuildConfiguration;
			buildSettings = {
				ALWAYS_EMBED_SWIFT_STANDARD_LIBRARIES = YES;
				ALWAYS_SEARCH_USER_PATHS = NO;
				CLANG_ANALYZER_NONNULL = YES;
				CLANG_ANALYZER_NUMBER_OBJECT_CONVERSION = YES_AGGRESSIVE;
				CLANG_CXX_LANGUAGE_STANDARD = "gnu++14";
				CLANG_CXX_LIBRARY = "libc++";
				CLANG_ENABLE_MODULES = YES;
				CLANG_ENABLE_OBJC_ARC = YES;
				CLANG_ENABLE_OBJC_WEAK = YES;
				CLANG_WARN_BLOCK_CAPTURE_AUTORELEASING = YES;
				CLANG_WARN_BOOL_CONVERSION = YES;
				CLANG_WARN_COMMA = YES;
				CLANG_WARN_CONSTANT_CONVERSION = YES;
				CLANG_WARN_DEPRECATED_OBJC_IMPLEMENTATIONS = YES;
				CLANG_WARN_DIRECT_OBJC_ISA_USAGE = YES_ERROR;
				CLANG_WARN_DOCUMENTATION_COMMENTS = YES;
				CLANG_WARN_EMPTY_BODY = YES;
				CLANG_WARN_ENUM_CONVERSION = YES;
				CLANG_WARN_INFINITE_RECURSION = YES;
				CLANG_WARN_INT_CONVERSION = YES;
				CLANG_WARN_NON_LITERAL_NULL_CONVERSION = YES;
				CLANG_WARN_OBJC_IMPLICIT_RETAIN_SELF = YES;
				CLANG_WARN_OBJC_LITERAL_CONVERSION = YES;
				CLANG_WARN_OBJC_ROOT_CLASS = YES_ERROR;
				CLANG_WARN_RANGE_LOOP_ANALYSIS = YES;
				CLANG_WARN_STRICT_PROTOTYPES = YES;
				CLANG_WARN_SUSPICIOUS_MOVE = YES;
				CLANG_WARN_UNGUARDED_AVAILABILITY = YES_AGGRESSIVE;
				CLANG_WARN_UNREACHABLE_CODE = YES;
				CLANG_WARN__DUPLICATE_METHOD_MATCH = YES;
				CODE_SIGN_IDENTITY = "iPhone Developer";
				COPY_PHASE_STRIP = NO;
				DEBUG_INFORMATION_FORMAT = dwarf;
				ENABLE_STRICT_OBJC_MSGSEND = YES;
				ENABLE_TESTABILITY = YES;
				GCC_C_LANGUAGE_STANDARD = gnu11;
				GCC_DYNAMIC_NO_PIC = NO;
				GCC_NO_COMMON_BLOCKS = YES;
				GCC_OPTIMIZATION_LEVEL = 0;
				GCC_PREPROCESSOR_DEFINITIONS = (
					"DEBUG=1",
					"$(inherited)",
				);
				GCC_WARN_64_TO_32_BIT_CONVERSION = YES;
				GCC_WARN_ABOUT_RETURN_TYPE = YES_ERROR;
				GCC_WARN_UNDECLARED_SELECTOR = YES;
				GCC_WARN_UNINITIALIZED_AUTOS = YES_AGGRESSIVE;
				GCC_WARN_UNUSED_FUNCTION = YES;
				GCC_WARN_UNUSED_VARIABLE = YES;
				IPHONEOS_DEPLOYMENT_TARGET = 9.0;
				MTL_ENABLE_DEBUG_INFO = YES;
				ONLY_ACTIVE_ARCH = YES;
				SDKROOT = iphoneos;
				SWIFT_ACTIVE_COMPILATION_CONDITIONS = DEBUG;
				SWIFT_OPTIMIZATION_LEVEL = "-Onone";
			};
			name = Debug;
		};
		43307DEF21010FD5004B0B76 /* Release */ = {
			isa = XCBuildConfiguration;
			buildSettings = {
				ALWAYS_EMBED_SWIFT_STANDARD_LIBRARIES = YES;
				ALWAYS_SEARCH_USER_PATHS = NO;
				CLANG_ANALYZER_NONNULL = YES;
				CLANG_ANALYZER_NUMBER_OBJECT_CONVERSION = YES_AGGRESSIVE;
				CLANG_CXX_LANGUAGE_STANDARD = "gnu++14";
				CLANG_CXX_LIBRARY = "libc++";
				CLANG_ENABLE_MODULES = YES;
				CLANG_ENABLE_OBJC_ARC = YES;
				CLANG_ENABLE_OBJC_WEAK = YES;
				CLANG_WARN_BLOCK_CAPTURE_AUTORELEASING = YES;
				CLANG_WARN_BOOL_CONVERSION = YES;
				CLANG_WARN_COMMA = YES;
				CLANG_WARN_CONSTANT_CONVERSION = YES;
				CLANG_WARN_DEPRECATED_OBJC_IMPLEMENTATIONS = YES;
				CLANG_WARN_DIRECT_OBJC_ISA_USAGE = YES_ERROR;
				CLANG_WARN_DOCUMENTATION_COMMENTS = YES;
				CLANG_WARN_EMPTY_BODY = YES;
				CLANG_WARN_ENUM_CONVERSION = YES;
				CLANG_WARN_INFINITE_RECURSION = YES;
				CLANG_WARN_INT_CONVERSION = YES;
				CLANG_WARN_NON_LITERAL_NULL_CONVERSION = YES;
				CLANG_WARN_OBJC_IMPLICIT_RETAIN_SELF = YES;
				CLANG_WARN_OBJC_LITERAL_CONVERSION = YES;
				CLANG_WARN_OBJC_ROOT_CLASS = YES_ERROR;
				CLANG_WARN_RANGE_LOOP_ANALYSIS = YES;
				CLANG_WARN_STRICT_PROTOTYPES = YES;
				CLANG_WARN_SUSPICIOUS_MOVE = YES;
				CLANG_WARN_UNGUARDED_AVAILABILITY = YES_AGGRESSIVE;
				CLANG_WARN_UNREACHABLE_CODE = YES;
				CLANG_WARN__DUPLICATE_METHOD_MATCH = YES;
				CODE_SIGN_IDENTITY = "iPhone Developer";
				COPY_PHASE_STRIP = NO;
				DEBUG_INFORMATION_FORMAT = "dwarf-with-dsym";
				ENABLE_NS_ASSERTIONS = NO;
				ENABLE_STRICT_OBJC_MSGSEND = YES;
				GCC_C_LANGUAGE_STANDARD = gnu11;
				GCC_NO_COMMON_BLOCKS = YES;
				GCC_WARN_64_TO_32_BIT_CONVERSION = YES;
				GCC_WARN_ABOUT_RETURN_TYPE = YES_ERROR;
				GCC_WARN_UNDECLARED_SELECTOR = YES;
				GCC_WARN_UNINITIALIZED_AUTOS = YES_AGGRESSIVE;
				GCC_WARN_UNUSED_FUNCTION = YES;
				GCC_WARN_UNUSED_VARIABLE = YES;
				IPHONEOS_DEPLOYMENT_TARGET = 9.0;
				MTL_ENABLE_DEBUG_INFO = NO;
				SDKROOT = iphoneos;
				SWIFT_COMPILATION_MODE = wholemodule;
				SWIFT_OPTIMIZATION_LEVEL = "-O";
				VALIDATE_PRODUCT = YES;
			};
			name = Release;
		};
		43307DF121010FD5004B0B76 /* Debug */ = {
			isa = XCBuildConfiguration;
			buildSettings = {
				ASSETCATALOG_COMPILER_COMPLICATION_NAME = Complication;
				CODE_SIGN_STYLE = Automatic;
				DEVELOPMENT_TEAM = 6B5AP37L3T;
				INFOPLIST_FILE = "Schoodule WatchKit Extension/Info.plist";
				LD_RUNPATH_SEARCH_PATHS = (
					"$(inherited)",
					"@executable_path/Frameworks",
					"@executable_path/../../Frameworks",
				);
				PRODUCT_BUNDLE_IDENTIFIER = com.nicholasgrana.Schoodule.watchkitapp.watchkitextension;
				PRODUCT_NAME = "${TARGET_NAME}";
				SDKROOT = watchos;
				SKIP_INSTALL = YES;
				SWIFT_VERSION = 4.0;
				TARGETED_DEVICE_FAMILY = 4;
				WATCHOS_DEPLOYMENT_TARGET = 4.3;
			};
			name = Debug;
		};
		43307DF221010FD5004B0B76 /* Release */ = {
			isa = XCBuildConfiguration;
			buildSettings = {
				ASSETCATALOG_COMPILER_COMPLICATION_NAME = Complication;
				CODE_SIGN_STYLE = Automatic;
				DEVELOPMENT_TEAM = 6B5AP37L3T;
				INFOPLIST_FILE = "Schoodule WatchKit Extension/Info.plist";
				LD_RUNPATH_SEARCH_PATHS = (
					"$(inherited)",
					"@executable_path/Frameworks",
					"@executable_path/../../Frameworks",
				);
				PRODUCT_BUNDLE_IDENTIFIER = com.nicholasgrana.Schoodule.watchkitapp.watchkitextension;
				PRODUCT_NAME = "${TARGET_NAME}";
				SDKROOT = watchos;
				SKIP_INSTALL = YES;
				SWIFT_VERSION = 4.0;
				TARGETED_DEVICE_FAMILY = 4;
				WATCHOS_DEPLOYMENT_TARGET = 4.3;
			};
			name = Release;
		};
		43307DF521010FD5004B0B76 /* Debug */ = {
			isa = XCBuildConfiguration;
			buildSettings = {
				ASSETCATALOG_COMPILER_APPICON_NAME = AppIcon;
				CLANG_ENABLE_MODULES = YES;
				CODE_SIGN_STYLE = Automatic;
				DEVELOPMENT_TEAM = 6B5AP37L3T;
				IBSC_MODULE = Schoodule_WatchKit_Extension;
				INFOPLIST_FILE = "Schoodule WatchKit App/Info.plist";
				LD_RUNPATH_SEARCH_PATHS = (
					"$(inherited)",
					"@executable_path/../Frameworks",
					"@loader_path/../Frameworks",
				);
				PRODUCT_BUNDLE_IDENTIFIER = com.nicholasgrana.Schoodule.watchkitapp;
				PRODUCT_NAME = "$(TARGET_NAME)";
				SDKROOT = watchos;
				SKIP_INSTALL = YES;
				SWIFT_OPTIMIZATION_LEVEL = "-Onone";
				SWIFT_VERSION = 4.0;
				TARGETED_DEVICE_FAMILY = 4;
				WATCHOS_DEPLOYMENT_TARGET = 4.3;
			};
			name = Debug;
		};
		43307DF621010FD5004B0B76 /* Release */ = {
			isa = XCBuildConfiguration;
			buildSettings = {
				ASSETCATALOG_COMPILER_APPICON_NAME = AppIcon;
				CLANG_ENABLE_MODULES = YES;
				CODE_SIGN_STYLE = Automatic;
				DEVELOPMENT_TEAM = 6B5AP37L3T;
				IBSC_MODULE = Schoodule_WatchKit_Extension;
				INFOPLIST_FILE = "Schoodule WatchKit App/Info.plist";
				LD_RUNPATH_SEARCH_PATHS = (
					"$(inherited)",
					"@executable_path/../Frameworks",
					"@loader_path/../Frameworks",
				);
				PRODUCT_BUNDLE_IDENTIFIER = com.nicholasgrana.Schoodule.watchkitapp;
				PRODUCT_NAME = "$(TARGET_NAME)";
				SDKROOT = watchos;
				SKIP_INSTALL = YES;
				SWIFT_VERSION = 4.0;
				TARGETED_DEVICE_FAMILY = 4;
				WATCHOS_DEPLOYMENT_TARGET = 4.3;
			};
			name = Release;
		};
		43307DF921010FD5004B0B76 /* Debug */ = {
			isa = XCBuildConfiguration;
			baseConfigurationReference = E676FAAF4A68433D48AD9A3E /* Pods-Schoodule.debug.xcconfig */;
			buildSettings = {
				ASSETCATALOG_COMPILER_APPICON_NAME = AppIcon;
				CODE_SIGN_STYLE = Automatic;
				DEVELOPMENT_TEAM = 6B5AP37L3T;
				INFOPLIST_FILE = Schoodule/Info.plist;
				LD_RUNPATH_SEARCH_PATHS = (
					"$(inherited)",
					"@executable_path/Frameworks",
				);
				PRODUCT_BUNDLE_IDENTIFIER = com.nicholasgrana.Schoodule;
				PRODUCT_NAME = "$(TARGET_NAME)";
				SWIFT_VERSION = 4.0;
				TARGETED_DEVICE_FAMILY = "1,2";
			};
			name = Debug;
		};
		43307DFA21010FD5004B0B76 /* Release */ = {
			isa = XCBuildConfiguration;
			baseConfigurationReference = EEC63B40CCE16178B62B73CF /* Pods-Schoodule.release.xcconfig */;
			buildSettings = {
				ASSETCATALOG_COMPILER_APPICON_NAME = AppIcon;
				CODE_SIGN_STYLE = Automatic;
				DEVELOPMENT_TEAM = 6B5AP37L3T;
				INFOPLIST_FILE = Schoodule/Info.plist;
				LD_RUNPATH_SEARCH_PATHS = (
					"$(inherited)",
					"@executable_path/Frameworks",
				);
				PRODUCT_BUNDLE_IDENTIFIER = com.nicholasgrana.Schoodule;
				PRODUCT_NAME = "$(TARGET_NAME)";
				SWIFT_VERSION = 4.0;
				TARGETED_DEVICE_FAMILY = "1,2";
			};
			name = Release;
		};
/* End XCBuildConfiguration section */

/* Begin XCConfigurationList section */
		43307DBC21010FD3004B0B76 /* Build configuration list for PBXProject "Schoodule" */ = {
			isa = XCConfigurationList;
			buildConfigurations = (
				43307DEE21010FD5004B0B76 /* Debug */,
				43307DEF21010FD5004B0B76 /* Release */,
			);
			defaultConfigurationIsVisible = 0;
			defaultConfigurationName = Release;
		};
		43307DF021010FD5004B0B76 /* Build configuration list for PBXNativeTarget "Schoodule WatchKit Extension" */ = {
			isa = XCConfigurationList;
			buildConfigurations = (
				43307DF121010FD5004B0B76 /* Debug */,
				43307DF221010FD5004B0B76 /* Release */,
			);
			defaultConfigurationIsVisible = 0;
			defaultConfigurationName = Release;
		};
		43307DF421010FD5004B0B76 /* Build configuration list for PBXNativeTarget "Schoodule WatchKit App" */ = {
			isa = XCConfigurationList;
			buildConfigurations = (
				43307DF521010FD5004B0B76 /* Debug */,
				43307DF621010FD5004B0B76 /* Release */,
			);
			defaultConfigurationIsVisible = 0;
			defaultConfigurationName = Release;
		};
		43307DF821010FD5004B0B76 /* Build configuration list for PBXNativeTarget "Schoodule" */ = {
			isa = XCConfigurationList;
			buildConfigurations = (
				43307DF921010FD5004B0B76 /* Debug */,
				43307DFA21010FD5004B0B76 /* Release */,
			);
			defaultConfigurationIsVisible = 0;
			defaultConfigurationName = Release;
		};
/* End XCConfigurationList section */
	};
	rootObject = 43307DB921010FD3004B0B76 /* Project object */;
}
