// !$*UTF8*$!
{
	archiveVersion = 1;
	classes = {
	};
	objectVersion = 50;
	objects = {

/* Begin PBXBuildFile section */
		4333E61C216E46FE00E36D71 /* CourseViewController.swift in Sources */ = {isa = PBXBuildFile; fileRef = 4333E61B216E46FE00E36D71 /* CourseViewController.swift */; };
		437D6DFC216AEB5200A2C354 /* Assets.xcassets in Resources */ = {isa = PBXBuildFile; fileRef = 437D6DFB216AEB5200A2C354 /* Assets.xcassets */; };
		43C76D432166F68F003D8C2E /* Assets.xcassets in Resources */ = {isa = PBXBuildFile; fileRef = 43C76D422166F68F003D8C2E /* Assets.xcassets */; };
		43C76D462166F68F003D8C2E /* LaunchScreen.storyboard in Resources */ = {isa = PBXBuildFile; fileRef = 43C76D442166F68F003D8C2E /* LaunchScreen.storyboard */; };
		43C76D4B2166F68F003D8C2E /* Schoodule WatchKit App.app in Embed Watch Content */ = {isa = PBXBuildFile; fileRef = 43C76D4A2166F68F003D8C2E /* Schoodule WatchKit App.app */; };
		43C76D5A2166F68F003D8C2E /* Schoodule WatchKit Extension.appex in Embed App Extensions */ = {isa = PBXBuildFile; fileRef = 43C76D592166F68F003D8C2E /* Schoodule WatchKit Extension.appex */; settings = {ATTRIBUTES = (RemoveHeadersOnCopy, ); }; };
		43C76D652166F690003D8C2E /* Assets.xcassets in Resources */ = {isa = PBXBuildFile; fileRef = 43C76D642166F690003D8C2E /* Assets.xcassets */; };
		43C76D812166F6CA003D8C2E /* CalendarEventCell.swift in Sources */ = {isa = PBXBuildFile; fileRef = 43C76D742166F6C9003D8C2E /* CalendarEventCell.swift */; };
		43C76D822166F6CA003D8C2E /* Main.storyboard in Resources */ = {isa = PBXBuildFile; fileRef = 43C76D752166F6C9003D8C2E /* Main.storyboard */; };
		43C76D832166F6CA003D8C2E /* TextHeaderView.xib in Resources */ = {isa = PBXBuildFile; fileRef = 43C76D772166F6C9003D8C2E /* TextHeaderView.xib */; };
		43C76D842166F6CA003D8C2E /* CalendarEventCell.xib in Resources */ = {isa = PBXBuildFile; fileRef = 43C76D782166F6C9003D8C2E /* CalendarEventCell.xib */; };
		43C76D852166F6CA003D8C2E /* ScheduleHeaderView.xib in Resources */ = {isa = PBXBuildFile; fileRef = 43C76D792166F6C9003D8C2E /* ScheduleHeaderView.xib */; };
		43C76D862166F6CA003D8C2E /* MainTableViewController.swift in Sources */ = {isa = PBXBuildFile; fileRef = 43C76D7B2166F6C9003D8C2E /* MainTableViewController.swift */; };
		43C76D872166F6CA003D8C2E /* CalendarEventListViewController.swift in Sources */ = {isa = PBXBuildFile; fileRef = 43C76D7C2166F6C9003D8C2E /* CalendarEventListViewController.swift */; };
		43C76D882166F6CA003D8C2E /* BubbleTableViewController.swift in Sources */ = {isa = PBXBuildFile; fileRef = 43C76D7D2166F6C9003D8C2E /* BubbleTableViewController.swift */; };
		43C76D892166F6CA003D8C2E /* AppDelegate.swift in Sources */ = {isa = PBXBuildFile; fileRef = 43C76D7E2166F6CA003D8C2E /* AppDelegate.swift */; };
		43C76D8A2166F6CA003D8C2E /* TextHeaderView.swift in Sources */ = {isa = PBXBuildFile; fileRef = 43C76D7F2166F6CA003D8C2E /* TextHeaderView.swift */; };
		43C76D8B2166F6CA003D8C2E /* BubbleEntry.swift in Sources */ = {isa = PBXBuildFile; fileRef = 43C76D802166F6CA003D8C2E /* BubbleEntry.swift */; };
		43C76D8D2166F70C003D8C2E /* Interface.storyboard in Resources */ = {isa = PBXBuildFile; fileRef = 43C76D8C2166F70C003D8C2E /* Interface.storyboard */; };
		43C76D932166F739003D8C2E /* ComplicationController.swift in Sources */ = {isa = PBXBuildFile; fileRef = 43C76D8E2166F739003D8C2E /* ComplicationController.swift */; };
		43C76D942166F739003D8C2E /* ComplicationStore.swift in Sources */ = {isa = PBXBuildFile; fileRef = 43C76D8F2166F739003D8C2E /* ComplicationStore.swift */; };
		43C76D952166F739003D8C2E /* ClassRow.swift in Sources */ = {isa = PBXBuildFile; fileRef = 43C76D902166F739003D8C2E /* ClassRow.swift */; };
		43C76D962166F739003D8C2E /* ConnectivityController.swift in Sources */ = {isa = PBXBuildFile; fileRef = 43C76D912166F739003D8C2E /* ConnectivityController.swift */; };
		43C76D972166F739003D8C2E /* SingleClassViewController.swift in Sources */ = {isa = PBXBuildFile; fileRef = 43C76D922166F739003D8C2E /* SingleClassViewController.swift */; };
		43C76DA02166F74D003D8C2E /* Storage.swift in Sources */ = {isa = PBXBuildFile; fileRef = 43C76D9A2166F74D003D8C2E /* Storage.swift */; };
		43C76DA12166F74D003D8C2E /* Storage.swift in Sources */ = {isa = PBXBuildFile; fileRef = 43C76D9A2166F74D003D8C2E /* Storage.swift */; };
		43C76DA22166F74D003D8C2E /* Schedule.swift in Sources */ = {isa = PBXBuildFile; fileRef = 43C76D9B2166F74D003D8C2E /* Schedule.swift */; };
		43C76DA32166F74D003D8C2E /* Schedule.swift in Sources */ = {isa = PBXBuildFile; fileRef = 43C76D9B2166F74D003D8C2E /* Schedule.swift */; };
		43C76DA42166F74D003D8C2E /* Course.swift in Sources */ = {isa = PBXBuildFile; fileRef = 43C76D9C2166F74D003D8C2E /* Course.swift */; };
		43C76DA52166F74D003D8C2E /* Course.swift in Sources */ = {isa = PBXBuildFile; fileRef = 43C76D9C2166F74D003D8C2E /* Course.swift */; };
		43C76DA62166F74D003D8C2E /* Date+Formatter.swift in Sources */ = {isa = PBXBuildFile; fileRef = 43C76D9E2166F74D003D8C2E /* Date+Formatter.swift */; };
		43C76DA72166F74D003D8C2E /* Date+Formatter.swift in Sources */ = {isa = PBXBuildFile; fileRef = 43C76D9E2166F74D003D8C2E /* Date+Formatter.swift */; };
		43C76DAC2166F903003D8C2E /* ExtensionDelegate.swift in Sources */ = {isa = PBXBuildFile; fileRef = 43C76DAA2166F903003D8C2E /* ExtensionDelegate.swift */; };
		43C76DAF2166F930003D8C2E /* InterfaceController.swift in Sources */ = {isa = PBXBuildFile; fileRef = 43C76DAD2166F930003D8C2E /* InterfaceController.swift */; };
		43C76DB72167DA27003D8C2E /* EventStore.swift in Sources */ = {isa = PBXBuildFile; fileRef = 43C76DB62167DA27003D8C2E /* EventStore.swift */; };
		43E9C51A216A899B008C0950 /* EventStore.swift in Sources */ = {isa = PBXBuildFile; fileRef = 43C76DB62167DA27003D8C2E /* EventStore.swift */; };
/* End PBXBuildFile section */

/* Begin PBXContainerItemProxy section */
		43C76D4C2166F68F003D8C2E /* PBXContainerItemProxy */ = {
			isa = PBXContainerItemProxy;
			containerPortal = 43C76D302166F68E003D8C2E /* Project object */;
			proxyType = 1;
			remoteGlobalIDString = 43C76D492166F68F003D8C2E;
			remoteInfo = "Schoodule WatchKit App";
		};
		43C76D5B2166F68F003D8C2E /* PBXContainerItemProxy */ = {
			isa = PBXContainerItemProxy;
			containerPortal = 43C76D302166F68E003D8C2E /* Project object */;
			proxyType = 1;
			remoteGlobalIDString = 43C76D582166F68F003D8C2E;
			remoteInfo = "Schoodule WatchKit Extension";
		};
/* End PBXContainerItemProxy section */

/* Begin PBXCopyFilesBuildPhase section */
		43C76D6C2166F690003D8C2E /* Embed App Extensions */ = {
			isa = PBXCopyFilesBuildPhase;
			buildActionMask = 2147483647;
			dstPath = "";
			dstSubfolderSpec = 13;
			files = (
				43C76D5A2166F68F003D8C2E /* Schoodule WatchKit Extension.appex in Embed App Extensions */,
			);
			name = "Embed App Extensions";
			runOnlyForDeploymentPostprocessing = 0;
		};
		43C76D702166F690003D8C2E /* Embed Watch Content */ = {
			isa = PBXCopyFilesBuildPhase;
			buildActionMask = 2147483647;
			dstPath = "$(CONTENTS_FOLDER_PATH)/Watch";
			dstSubfolderSpec = 16;
			files = (
				43C76D4B2166F68F003D8C2E /* Schoodule WatchKit App.app in Embed Watch Content */,
			);
			name = "Embed Watch Content";
			runOnlyForDeploymentPostprocessing = 0;
		};
/* End PBXCopyFilesBuildPhase section */

/* Begin PBXFileReference section */
		4333E61B216E46FE00E36D71 /* CourseViewController.swift */ = {isa = PBXFileReference; lastKnownFileType = sourcecode.swift; path = CourseViewController.swift; sourceTree = "<group>"; };
		437D6DFB216AEB5200A2C354 /* Assets.xcassets */ = {isa = PBXFileReference; lastKnownFileType = folder.assetcatalog; path = Assets.xcassets; sourceTree = "<group>"; };
		43C76D382166F68E003D8C2E /* Schoodule.app */ = {isa = PBXFileReference; explicitFileType = wrapper.application; includeInIndex = 0; path = Schoodule.app; sourceTree = BUILT_PRODUCTS_DIR; };
		43C76D422166F68F003D8C2E /* Assets.xcassets */ = {isa = PBXFileReference; lastKnownFileType = folder.assetcatalog; path = Assets.xcassets; sourceTree = "<group>"; };
		43C76D452166F68F003D8C2E /* Base */ = {isa = PBXFileReference; lastKnownFileType = file.storyboard; name = Base; path = Base.lproj/LaunchScreen.storyboard; sourceTree = "<group>"; };
		43C76D472166F68F003D8C2E /* Info.plist */ = {isa = PBXFileReference; lastKnownFileType = text.plist.xml; path = Info.plist; sourceTree = "<group>"; };
		43C76D4A2166F68F003D8C2E /* Schoodule WatchKit App.app */ = {isa = PBXFileReference; explicitFileType = wrapper.application; includeInIndex = 0; path = "Schoodule WatchKit App.app"; sourceTree = BUILT_PRODUCTS_DIR; };
		43C76D542166F68F003D8C2E /* Info.plist */ = {isa = PBXFileReference; lastKnownFileType = text.plist.xml; path = Info.plist; sourceTree = "<group>"; };
		43C76D592166F68F003D8C2E /* Schoodule WatchKit Extension.appex */ = {isa = PBXFileReference; explicitFileType = "wrapper.app-extension"; includeInIndex = 0; path = "Schoodule WatchKit Extension.appex"; sourceTree = BUILT_PRODUCTS_DIR; };
		43C76D642166F690003D8C2E /* Assets.xcassets */ = {isa = PBXFileReference; lastKnownFileType = folder.assetcatalog; path = Assets.xcassets; sourceTree = "<group>"; };
		43C76D662166F690003D8C2E /* Info.plist */ = {isa = PBXFileReference; lastKnownFileType = text.plist.xml; path = Info.plist; sourceTree = "<group>"; };
		43C76D742166F6C9003D8C2E /* CalendarEventCell.swift */ = {isa = PBXFileReference; fileEncoding = 4; lastKnownFileType = sourcecode.swift; path = CalendarEventCell.swift; sourceTree = "<group>"; };
		43C76D752166F6C9003D8C2E /* Main.storyboard */ = {isa = PBXFileReference; fileEncoding = 4; lastKnownFileType = file.storyboard; path = Main.storyboard; sourceTree = "<group>"; };
		43C76D772166F6C9003D8C2E /* TextHeaderView.xib */ = {isa = PBXFileReference; fileEncoding = 4; lastKnownFileType = file.xib; path = TextHeaderView.xib; sourceTree = "<group>"; };
		43C76D782166F6C9003D8C2E /* CalendarEventCell.xib */ = {isa = PBXFileReference; fileEncoding = 4; lastKnownFileType = file.xib; path = CalendarEventCell.xib; sourceTree = "<group>"; };
		43C76D792166F6C9003D8C2E /* ScheduleHeaderView.xib */ = {isa = PBXFileReference; fileEncoding = 4; lastKnownFileType = file.xib; path = ScheduleHeaderView.xib; sourceTree = "<group>"; };
		43C76D7B2166F6C9003D8C2E /* MainTableViewController.swift */ = {isa = PBXFileReference; fileEncoding = 4; lastKnownFileType = sourcecode.swift; path = MainTableViewController.swift; sourceTree = "<group>"; };
		43C76D7C2166F6C9003D8C2E /* CalendarEventListViewController.swift */ = {isa = PBXFileReference; fileEncoding = 4; lastKnownFileType = sourcecode.swift; path = CalendarEventListViewController.swift; sourceTree = "<group>"; };
		43C76D7D2166F6C9003D8C2E /* BubbleTableViewController.swift */ = {isa = PBXFileReference; fileEncoding = 4; lastKnownFileType = sourcecode.swift; path = BubbleTableViewController.swift; sourceTree = "<group>"; };
		43C76D7E2166F6CA003D8C2E /* AppDelegate.swift */ = {isa = PBXFileReference; fileEncoding = 4; lastKnownFileType = sourcecode.swift; path = AppDelegate.swift; sourceTree = "<group>"; };
		43C76D7F2166F6CA003D8C2E /* TextHeaderView.swift */ = {isa = PBXFileReference; fileEncoding = 4; lastKnownFileType = sourcecode.swift; path = TextHeaderView.swift; sourceTree = "<group>"; };
		43C76D802166F6CA003D8C2E /* BubbleEntry.swift */ = {isa = PBXFileReference; fileEncoding = 4; lastKnownFileType = sourcecode.swift; path = BubbleEntry.swift; sourceTree = "<group>"; };
		43C76D8C2166F70C003D8C2E /* Interface.storyboard */ = {isa = PBXFileReference; fileEncoding = 4; lastKnownFileType = file.storyboard; path = Interface.storyboard; sourceTree = "<group>"; };
		43C76D8E2166F739003D8C2E /* ComplicationController.swift */ = {isa = PBXFileReference; fileEncoding = 4; lastKnownFileType = sourcecode.swift; path = ComplicationController.swift; sourceTree = "<group>"; };
		43C76D8F2166F739003D8C2E /* ComplicationStore.swift */ = {isa = PBXFileReference; fileEncoding = 4; lastKnownFileType = sourcecode.swift; path = ComplicationStore.swift; sourceTree = "<group>"; };
		43C76D902166F739003D8C2E /* ClassRow.swift */ = {isa = PBXFileReference; fileEncoding = 4; lastKnownFileType = sourcecode.swift; path = ClassRow.swift; sourceTree = "<group>"; };
		43C76D912166F739003D8C2E /* ConnectivityController.swift */ = {isa = PBXFileReference; fileEncoding = 4; lastKnownFileType = sourcecode.swift; path = ConnectivityController.swift; sourceTree = "<group>"; };
		43C76D922166F739003D8C2E /* SingleClassViewController.swift */ = {isa = PBXFileReference; fileEncoding = 4; lastKnownFileType = sourcecode.swift; path = SingleClassViewController.swift; sourceTree = "<group>"; };
		43C76D9A2166F74D003D8C2E /* Storage.swift */ = {isa = PBXFileReference; fileEncoding = 4; lastKnownFileType = sourcecode.swift; path = Storage.swift; sourceTree = "<group>"; };
		43C76D9B2166F74D003D8C2E /* Schedule.swift */ = {isa = PBXFileReference; fileEncoding = 4; lastKnownFileType = sourcecode.swift; path = Schedule.swift; sourceTree = "<group>"; };
		43C76D9C2166F74D003D8C2E /* Course.swift */ = {isa = PBXFileReference; fileEncoding = 4; lastKnownFileType = sourcecode.swift; path = Course.swift; sourceTree = "<group>"; };
		43C76D9E2166F74D003D8C2E /* Date+Formatter.swift */ = {isa = PBXFileReference; fileEncoding = 4; lastKnownFileType = sourcecode.swift; path = "Date+Formatter.swift"; sourceTree = "<group>"; };
		43C76DAA2166F903003D8C2E /* ExtensionDelegate.swift */ = {isa = PBXFileReference; lastKnownFileType = sourcecode.swift; path = ExtensionDelegate.swift; sourceTree = "<group>"; };
		43C76DAD2166F930003D8C2E /* InterfaceController.swift */ = {isa = PBXFileReference; lastKnownFileType = sourcecode.swift; path = InterfaceController.swift; sourceTree = "<group>"; };
		43C76DB62167DA27003D8C2E /* EventStore.swift */ = {isa = PBXFileReference; lastKnownFileType = sourcecode.swift; path = EventStore.swift; sourceTree = "<group>"; };
/* End PBXFileReference section */

/* Begin PBXFrameworksBuildPhase section */
		43C76D352166F68E003D8C2E /* Frameworks */ = {
			isa = PBXFrameworksBuildPhase;
			buildActionMask = 2147483647;
			files = (
			);
			runOnlyForDeploymentPostprocessing = 0;
		};
		43C76D562166F68F003D8C2E /* Frameworks */ = {
			isa = PBXFrameworksBuildPhase;
			buildActionMask = 2147483647;
			files = (
			);
			runOnlyForDeploymentPostprocessing = 0;
		};
/* End PBXFrameworksBuildPhase section */

/* Begin PBXGroup section */
		43C76D2F2166F68E003D8C2E = {
			isa = PBXGroup;
			children = (
				43C76D982166F74D003D8C2E /* Shared */,
				43C76D3A2166F68E003D8C2E /* Schoodule */,
				43C76D4E2166F68F003D8C2E /* Schoodule WatchKit App */,
				43C76D5D2166F68F003D8C2E /* Schoodule WatchKit Extension */,
				43C76D392166F68E003D8C2E /* Products */,
			);
			sourceTree = "<group>";
		};
		43C76D392166F68E003D8C2E /* Products */ = {
			isa = PBXGroup;
			children = (
				43C76D382166F68E003D8C2E /* Schoodule.app */,
				43C76D4A2166F68F003D8C2E /* Schoodule WatchKit App.app */,
				43C76D592166F68F003D8C2E /* Schoodule WatchKit Extension.appex */,
			);
			name = Products;
			sourceTree = "<group>";
		};
		43C76D3A2166F68E003D8C2E /* Schoodule */ = {
			isa = PBXGroup;
			children = (
				43C76D7E2166F6CA003D8C2E /* AppDelegate.swift */,
				43C76D802166F6CA003D8C2E /* BubbleEntry.swift */,
				43C76D742166F6C9003D8C2E /* CalendarEventCell.swift */,
				43C76D752166F6C9003D8C2E /* Main.storyboard */,
				43C76D7A2166F6C9003D8C2E /* controllers */,
				43C76D7F2166F6CA003D8C2E /* TextHeaderView.swift */,
				43C76D762166F6C9003D8C2E /* views */,
				43C76D422166F68F003D8C2E /* Assets.xcassets */,
				43C76D442166F68F003D8C2E /* LaunchScreen.storyboard */,
				43C76D472166F68F003D8C2E /* Info.plist */,
			);
			path = Schoodule;
			sourceTree = "<group>";
		};
		43C76D4E2166F68F003D8C2E /* Schoodule WatchKit App */ = {
			isa = PBXGroup;
			children = (
				43C76D8C2166F70C003D8C2E /* Interface.storyboard */,
				43C76D542166F68F003D8C2E /* Info.plist */,
				437D6DFB216AEB5200A2C354 /* Assets.xcassets */,
			);
			path = "Schoodule WatchKit App";
			sourceTree = "<group>";
		};
		43C76D5D2166F68F003D8C2E /* Schoodule WatchKit Extension */ = {
			isa = PBXGroup;
			children = (
				43C76D902166F739003D8C2E /* ClassRow.swift */,
				43C76D8E2166F739003D8C2E /* ComplicationController.swift */,
				43C76D8F2166F739003D8C2E /* ComplicationStore.swift */,
				43C76D912166F739003D8C2E /* ConnectivityController.swift */,
				43C76D922166F739003D8C2E /* SingleClassViewController.swift */,
				43C76D642166F690003D8C2E /* Assets.xcassets */,
				43C76D662166F690003D8C2E /* Info.plist */,
				43C76DAA2166F903003D8C2E /* ExtensionDelegate.swift */,
				43C76DAD2166F930003D8C2E /* InterfaceController.swift */,
			);
			path = "Schoodule WatchKit Extension";
			sourceTree = "<group>";
		};
		43C76D762166F6C9003D8C2E /* views */ = {
			isa = PBXGroup;
			children = (
				43C76D772166F6C9003D8C2E /* TextHeaderView.xib */,
				43C76D782166F6C9003D8C2E /* CalendarEventCell.xib */,
				43C76D792166F6C9003D8C2E /* ScheduleHeaderView.xib */,
			);
			path = views;
			sourceTree = "<group>";
		};
		43C76D7A2166F6C9003D8C2E /* controllers */ = {
			isa = PBXGroup;
			children = (
				43C76D7B2166F6C9003D8C2E /* MainTableViewController.swift */,
				43C76D7C2166F6C9003D8C2E /* CalendarEventListViewController.swift */,
				43C76D7D2166F6C9003D8C2E /* BubbleTableViewController.swift */,
				4333E61B216E46FE00E36D71 /* CourseViewController.swift */,
			);
			path = controllers;
			sourceTree = "<group>";
		};
		43C76D982166F74D003D8C2E /* Shared */ = {
			isa = PBXGroup;
			children = (
				43C76D992166F74D003D8C2E /* schedule */,
				43C76D9D2166F74D003D8C2E /* extensions */,
			);
			path = Shared;
			sourceTree = "<group>";
		};
		43C76D992166F74D003D8C2E /* schedule */ = {
			isa = PBXGroup;
			children = (
				43C76D9A2166F74D003D8C2E /* Storage.swift */,
				43C76D9B2166F74D003D8C2E /* Schedule.swift */,
				43C76D9C2166F74D003D8C2E /* Course.swift */,
				43C76DB62167DA27003D8C2E /* EventStore.swift */,
			);
			path = schedule;
			sourceTree = "<group>";
		};
		43C76D9D2166F74D003D8C2E /* extensions */ = {
			isa = PBXGroup;
			children = (
				43C76D9E2166F74D003D8C2E /* Date+Formatter.swift */,
			);
			path = extensions;
			sourceTree = "<group>";
		};
/* End PBXGroup section */

/* Begin PBXNativeTarget section */
		43C76D372166F68E003D8C2E /* Schoodule */ = {
			isa = PBXNativeTarget;
			buildConfigurationList = 43C76D712166F690003D8C2E /* Build configuration list for PBXNativeTarget "Schoodule" */;
			buildPhases = (
				43C76D342166F68E003D8C2E /* Sources */,
				43C76D352166F68E003D8C2E /* Frameworks */,
				43C76D362166F68E003D8C2E /* Resources */,
				43C76D702166F690003D8C2E /* Embed Watch Content */,
			);
			buildRules = (
			);
			dependencies = (
				43C76D4D2166F68F003D8C2E /* PBXTargetDependency */,
			);
			name = Schoodule;
			productName = Schoodule;
			productReference = 43C76D382166F68E003D8C2E /* Schoodule.app */;
			productType = "com.apple.product-type.application";
		};
		43C76D492166F68F003D8C2E /* Schoodule WatchKit App */ = {
			isa = PBXNativeTarget;
			buildConfigurationList = 43C76D6D2166F690003D8C2E /* Build configuration list for PBXNativeTarget "Schoodule WatchKit App" */;
			buildPhases = (
				43C76D482166F68F003D8C2E /* Resources */,
				43C76D6C2166F690003D8C2E /* Embed App Extensions */,
			);
			buildRules = (
			);
			dependencies = (
				43C76D5C2166F68F003D8C2E /* PBXTargetDependency */,
			);
			name = "Schoodule WatchKit App";
			productName = "Schoodule WatchKit App";
			productReference = 43C76D4A2166F68F003D8C2E /* Schoodule WatchKit App.app */;
			productType = "com.apple.product-type.application.watchapp2";
		};
		43C76D582166F68F003D8C2E /* Schoodule WatchKit Extension */ = {
			isa = PBXNativeTarget;
			buildConfigurationList = 43C76D692166F690003D8C2E /* Build configuration list for PBXNativeTarget "Schoodule WatchKit Extension" */;
			buildPhases = (
				43C76D552166F68F003D8C2E /* Sources */,
				43C76D562166F68F003D8C2E /* Frameworks */,
				43C76D572166F68F003D8C2E /* Resources */,
			);
			buildRules = (
			);
			dependencies = (
			);
			name = "Schoodule WatchKit Extension";
			productName = "Schoodule WatchKit Extension";
			productReference = 43C76D592166F68F003D8C2E /* Schoodule WatchKit Extension.appex */;
			productType = "com.apple.product-type.watchkit2-extension";
		};
/* End PBXNativeTarget section */

/* Begin PBXProject section */
		43C76D302166F68E003D8C2E /* Project object */ = {
			isa = PBXProject;
			attributes = {
				LastSwiftUpdateCheck = 1010;
				LastUpgradeCheck = 1010;
				ORGANIZATIONNAME = Schoodule;
				TargetAttributes = {
					43C76D372166F68E003D8C2E = {
						CreatedOnToolsVersion = 10.1;
						LastSwiftMigration = 1010;
					};
					43C76D492166F68F003D8C2E = {
						CreatedOnToolsVersion = 10.1;
					};
					43C76D582166F68F003D8C2E = {
						CreatedOnToolsVersion = 10.1;
						LastSwiftMigration = 1010;
					};
				};
			};
			buildConfigurationList = 43C76D332166F68E003D8C2E /* Build configuration list for PBXProject "Schoodule" */;
			compatibilityVersion = "Xcode 9.3";
			developmentRegion = en;
			hasScannedForEncodings = 0;
			knownRegions = (
				en,
				Base,
			);
			mainGroup = 43C76D2F2166F68E003D8C2E;
			productRefGroup = 43C76D392166F68E003D8C2E /* Products */;
			projectDirPath = "";
			projectRoot = "";
			targets = (
				43C76D372166F68E003D8C2E /* Schoodule */,
				43C76D492166F68F003D8C2E /* Schoodule WatchKit App */,
				43C76D582166F68F003D8C2E /* Schoodule WatchKit Extension */,
			);
		};
/* End PBXProject section */

/* Begin PBXResourcesBuildPhase section */
		43C76D362166F68E003D8C2E /* Resources */ = {
			isa = PBXResourcesBuildPhase;
			buildActionMask = 2147483647;
			files = (
				43C76D832166F6CA003D8C2E /* TextHeaderView.xib in Resources */,
				43C76D842166F6CA003D8C2E /* CalendarEventCell.xib in Resources */,
				43C76D822166F6CA003D8C2E /* Main.storyboard in Resources */,
				43C76D462166F68F003D8C2E /* LaunchScreen.storyboard in Resources */,
				43C76D852166F6CA003D8C2E /* ScheduleHeaderView.xib in Resources */,
				43C76D432166F68F003D8C2E /* Assets.xcassets in Resources */,
			);
			runOnlyForDeploymentPostprocessing = 0;
		};
		43C76D482166F68F003D8C2E /* Resources */ = {
			isa = PBXResourcesBuildPhase;
			buildActionMask = 2147483647;
			files = (
				437D6DFC216AEB5200A2C354 /* Assets.xcassets in Resources */,
				43C76D8D2166F70C003D8C2E /* Interface.storyboard in Resources */,
			);
			runOnlyForDeploymentPostprocessing = 0;
		};
		43C76D572166F68F003D8C2E /* Resources */ = {
			isa = PBXResourcesBuildPhase;
			buildActionMask = 2147483647;
			files = (
				43C76D652166F690003D8C2E /* Assets.xcassets in Resources */,
			);
			runOnlyForDeploymentPostprocessing = 0;
		};
/* End PBXResourcesBuildPhase section */

/* Begin PBXSourcesBuildPhase section */
		43C76D342166F68E003D8C2E /* Sources */ = {
			isa = PBXSourcesBuildPhase;
			buildActionMask = 2147483647;
			files = (
				43C76D872166F6CA003D8C2E /* CalendarEventListViewController.swift in Sources */,
				43C76DA62166F74D003D8C2E /* Date+Formatter.swift in Sources */,
				43C76D882166F6CA003D8C2E /* BubbleTableViewController.swift in Sources */,
				43C76DA42166F74D003D8C2E /* Course.swift in Sources */,
				43C76D862166F6CA003D8C2E /* MainTableViewController.swift in Sources */,
				43C76DA22166F74D003D8C2E /* Schedule.swift in Sources */,
				43C76D892166F6CA003D8C2E /* AppDelegate.swift in Sources */,
				4333E61C216E46FE00E36D71 /* CourseViewController.swift in Sources */,
				43C76D8B2166F6CA003D8C2E /* BubbleEntry.swift in Sources */,
				43C76DB72167DA27003D8C2E /* EventStore.swift in Sources */,
				43C76DA02166F74D003D8C2E /* Storage.swift in Sources */,
				43C76D8A2166F6CA003D8C2E /* TextHeaderView.swift in Sources */,
				43C76D812166F6CA003D8C2E /* CalendarEventCell.swift in Sources */,
			);
			runOnlyForDeploymentPostprocessing = 0;
		};
		43C76D552166F68F003D8C2E /* Sources */ = {
			isa = PBXSourcesBuildPhase;
			buildActionMask = 2147483647;
			files = (
				43C76DA52166F74D003D8C2E /* Course.swift in Sources */,
				43C76D952166F739003D8C2E /* ClassRow.swift in Sources */,
				43C76D932166F739003D8C2E /* ComplicationController.swift in Sources */,
				43C76D962166F739003D8C2E /* ConnectivityController.swift in Sources */,
				43C76DAC2166F903003D8C2E /* ExtensionDelegate.swift in Sources */,
				43C76D942166F739003D8C2E /* ComplicationStore.swift in Sources */,
				43C76D972166F739003D8C2E /* SingleClassViewController.swift in Sources */,
				43C76DA32166F74D003D8C2E /* Schedule.swift in Sources */,
				43E9C51A216A899B008C0950 /* EventStore.swift in Sources */,
				43C76DAF2166F930003D8C2E /* InterfaceController.swift in Sources */,
				43C76DA72166F74D003D8C2E /* Date+Formatter.swift in Sources */,
				43C76DA12166F74D003D8C2E /* Storage.swift in Sources */,
			);
			runOnlyForDeploymentPostprocessing = 0;
		};
/* End PBXSourcesBuildPhase section */

/* Begin PBXTargetDependency section */
		43C76D4D2166F68F003D8C2E /* PBXTargetDependency */ = {
			isa = PBXTargetDependency;
			target = 43C76D492166F68F003D8C2E /* Schoodule WatchKit App */;
			targetProxy = 43C76D4C2166F68F003D8C2E /* PBXContainerItemProxy */;
		};
		43C76D5C2166F68F003D8C2E /* PBXTargetDependency */ = {
			isa = PBXTargetDependency;
			target = 43C76D582166F68F003D8C2E /* Schoodule WatchKit Extension */;
			targetProxy = 43C76D5B2166F68F003D8C2E /* PBXContainerItemProxy */;
		};
/* End PBXTargetDependency section */

/* Begin PBXVariantGroup section */
		43C76D442166F68F003D8C2E /* LaunchScreen.storyboard */ = {
			isa = PBXVariantGroup;
			children = (
				43C76D452166F68F003D8C2E /* Base */,
			);
			name = LaunchScreen.storyboard;
			sourceTree = "<group>";
		};
/* End PBXVariantGroup section */

/* Begin XCBuildConfiguration section */
		43C76D672166F690003D8C2E /* Debug */ = {
			isa = XCBuildConfiguration;
			buildSettings = {
				ALWAYS_SEARCH_USER_PATHS = NO;
				CLANG_ANALYZER_NONNULL = YES;
				CLANG_ANALYZER_NUMBER_OBJECT_CONVERSION = YES_AGGRESSIVE;
				CLANG_CXX_LANGUAGE_STANDARD = "gnu++14";
				CLANG_CXX_LIBRARY = "libc++";
				CLANG_ENABLE_MODULES = YES;
				CLANG_ENABLE_OBJC_ARC = YES;
				CLANG_ENABLE_OBJC_WEAK = YES;
				CLANG_WARN_BLOCK_CAPTURE_AUTORELEASING = YES;
				CLANG_WARN_BOOL_CONVERSION = YES;
				CLANG_WARN_COMMA = YES;
				CLANG_WARN_CONSTANT_CONVERSION = YES;
				CLANG_WARN_DEPRECATED_OBJC_IMPLEMENTATIONS = YES;
				CLANG_WARN_DIRECT_OBJC_ISA_USAGE = YES_ERROR;
				CLANG_WARN_DOCUMENTATION_COMMENTS = YES;
				CLANG_WARN_EMPTY_BODY = YES;
				CLANG_WARN_ENUM_CONVERSION = YES;
				CLANG_WARN_INFINITE_RECURSION = YES;
				CLANG_WARN_INT_CONVERSION = YES;
				CLANG_WARN_NON_LITERAL_NULL_CONVERSION = YES;
				CLANG_WARN_OBJC_IMPLICIT_RETAIN_SELF = YES;
				CLANG_WARN_OBJC_LITERAL_CONVERSION = YES;
				CLANG_WARN_OBJC_ROOT_CLASS = YES_ERROR;
				CLANG_WARN_RANGE_LOOP_ANALYSIS = YES;
				CLANG_WARN_STRICT_PROTOTYPES = YES;
				CLANG_WARN_SUSPICIOUS_MOVE = YES;
				CLANG_WARN_UNGUARDED_AVAILABILITY = YES_AGGRESSIVE;
				CLANG_WARN_UNREACHABLE_CODE = YES;
				CLANG_WARN__DUPLICATE_METHOD_MATCH = YES;
				CODE_SIGN_IDENTITY = "iPhone Developer";
				COPY_PHASE_STRIP = NO;
				DEBUG_INFORMATION_FORMAT = dwarf;
				ENABLE_STRICT_OBJC_MSGSEND = YES;
				ENABLE_TESTABILITY = YES;
				GCC_C_LANGUAGE_STANDARD = gnu11;
				GCC_DYNAMIC_NO_PIC = NO;
				GCC_NO_COMMON_BLOCKS = YES;
				GCC_OPTIMIZATION_LEVEL = 0;
				GCC_PREPROCESSOR_DEFINITIONS = (
					"DEBUG=1",
					"$(inherited)",
				);
				GCC_WARN_64_TO_32_BIT_CONVERSION = YES;
				GCC_WARN_ABOUT_RETURN_TYPE = YES_ERROR;
				GCC_WARN_UNDECLARED_SELECTOR = YES;
				GCC_WARN_UNINITIALIZED_AUTOS = YES_AGGRESSIVE;
				GCC_WARN_UNUSED_FUNCTION = YES;
				GCC_WARN_UNUSED_VARIABLE = YES;
				IPHONEOS_DEPLOYMENT_TARGET = 12.1;
				MTL_ENABLE_DEBUG_INFO = INCLUDE_SOURCE;
				MTL_FAST_MATH = YES;
				ONLY_ACTIVE_ARCH = YES;
				SDKROOT = iphoneos;
				SWIFT_ACTIVE_COMPILATION_CONDITIONS = DEBUG;
				SWIFT_OPTIMIZATION_LEVEL = "-Onone";
			};
			name = Debug;
		};
		43C76D682166F690003D8C2E /* Release */ = {
			isa = XCBuildConfiguration;
			buildSettings = {
				ALWAYS_SEARCH_USER_PATHS = NO;
				CLANG_ANALYZER_NONNULL = YES;
				CLANG_ANALYZER_NUMBER_OBJECT_CONVERSION = YES_AGGRESSIVE;
				CLANG_CXX_LANGUAGE_STANDARD = "gnu++14";
				CLANG_CXX_LIBRARY = "libc++";
				CLANG_ENABLE_MODULES = YES;
				CLANG_ENABLE_OBJC_ARC = YES;
				CLANG_ENABLE_OBJC_WEAK = YES;
				CLANG_WARN_BLOCK_CAPTURE_AUTORELEASING = YES;
				CLANG_WARN_BOOL_CONVERSION = YES;
				CLANG_WARN_COMMA = YES;
				CLANG_WARN_CONSTANT_CONVERSION = YES;
				CLANG_WARN_DEPRECATED_OBJC_IMPLEMENTATIONS = YES;
				CLANG_WARN_DIRECT_OBJC_ISA_USAGE = YES_ERROR;
				CLANG_WARN_DOCUMENTATION_COMMENTS = YES;
				CLANG_WARN_EMPTY_BODY = YES;
				CLANG_WARN_ENUM_CONVERSION = YES;
				CLANG_WARN_INFINITE_RECURSION = YES;
				CLANG_WARN_INT_CONVERSION = YES;
				CLANG_WARN_NON_LITERAL_NULL_CONVERSION = YES;
				CLANG_WARN_OBJC_IMPLICIT_RETAIN_SELF = YES;
				CLANG_WARN_OBJC_LITERAL_CONVERSION = YES;
				CLANG_WARN_OBJC_ROOT_CLASS = YES_ERROR;
				CLANG_WARN_RANGE_LOOP_ANALYSIS = YES;
				CLANG_WARN_STRICT_PROTOTYPES = YES;
				CLANG_WARN_SUSPICIOUS_MOVE = YES;
				CLANG_WARN_UNGUARDED_AVAILABILITY = YES_AGGRESSIVE;
				CLANG_WARN_UNREACHABLE_CODE = YES;
				CLANG_WARN__DUPLICATE_METHOD_MATCH = YES;
				CODE_SIGN_IDENTITY = "iPhone Developer";
				COPY_PHASE_STRIP = NO;
				DEBUG_INFORMATION_FORMAT = "dwarf-with-dsym";
				ENABLE_NS_ASSERTIONS = NO;
				ENABLE_STRICT_OBJC_MSGSEND = YES;
				GCC_C_LANGUAGE_STANDARD = gnu11;
				GCC_NO_COMMON_BLOCKS = YES;
				GCC_WARN_64_TO_32_BIT_CONVERSION = YES;
				GCC_WARN_ABOUT_RETURN_TYPE = YES_ERROR;
				GCC_WARN_UNDECLARED_SELECTOR = YES;
				GCC_WARN_UNINITIALIZED_AUTOS = YES_AGGRESSIVE;
				GCC_WARN_UNUSED_FUNCTION = YES;
				GCC_WARN_UNUSED_VARIABLE = YES;
				IPHONEOS_DEPLOYMENT_TARGET = 12.1;
				MTL_ENABLE_DEBUG_INFO = NO;
				MTL_FAST_MATH = YES;
				SDKROOT = iphoneos;
				SWIFT_COMPILATION_MODE = wholemodule;
				SWIFT_OPTIMIZATION_LEVEL = "-O";
				VALIDATE_PRODUCT = YES;
			};
			name = Release;
		};
		43C76D6A2166F690003D8C2E /* Debug */ = {
			isa = XCBuildConfiguration;
			buildSettings = {
				ASSETCATALOG_COMPILER_COMPLICATION_NAME = Complication;
				CLANG_ENABLE_MODULES = YES;
				CODE_SIGN_STYLE = Automatic;
				DEVELOPMENT_TEAM = VG8HJ8DZBZ;
				INFOPLIST_FILE = "Schoodule WatchKit Extension/Info.plist";
				LD_RUNPATH_SEARCH_PATHS = (
					"$(inherited)",
					"@executable_path/Frameworks",
					"@executable_path/../../Frameworks",
				);
				PRODUCT_BUNDLE_IDENTIFIER = com.nicholasgrana.schooodule.watchkitapp.watchkitextension;
				PRODUCT_NAME = "${TARGET_NAME}";
				SDKROOT = watchos;
				SKIP_INSTALL = YES;
				SWIFT_OPTIMIZATION_LEVEL = "-Onone";
				SWIFT_VERSION = 4.2;
				TARGETED_DEVICE_FAMILY = 4;
				WATCHOS_DEPLOYMENT_TARGET = 4.0;
			};
			name = Debug;
		};
		43C76D6B2166F690003D8C2E /* Release */ = {
			isa = XCBuildConfiguration;
			buildSettings = {
				ASSETCATALOG_COMPILER_COMPLICATION_NAME = Complication;
				CLANG_ENABLE_MODULES = YES;
				CODE_SIGN_STYLE = Automatic;
				DEVELOPMENT_TEAM = VG8HJ8DZBZ;
				INFOPLIST_FILE = "Schoodule WatchKit Extension/Info.plist";
				LD_RUNPATH_SEARCH_PATHS = (
					"$(inherited)",
					"@executable_path/Frameworks",
					"@executable_path/../../Frameworks",
				);
				PRODUCT_BUNDLE_IDENTIFIER = com.nicholasgrana.schooodule.watchkitapp.watchkitextension;
				PRODUCT_NAME = "${TARGET_NAME}";
				SDKROOT = watchos;
				SKIP_INSTALL = YES;
				SWIFT_VERSION = 4.2;
				TARGETED_DEVICE_FAMILY = 4;
				WATCHOS_DEPLOYMENT_TARGET = 4.0;
			};
			name = Release;
		};
		43C76D6E2166F690003D8C2E /* Debug */ = {
			isa = XCBuildConfiguration;
			buildSettings = {
				ALWAYS_EMBED_SWIFT_STANDARD_LIBRARIES = YES;
				ASSETCATALOG_COMPILER_APPICON_NAME = WatchIcon;
				CODE_SIGN_STYLE = Automatic;
				DEVELOPMENT_TEAM = VG8HJ8DZBZ;
				IBSC_MODULE = Schoodule_WatchKit_Extension;
				INFOPLIST_FILE = "Schoodule WatchKit App/Info.plist";
				PRODUCT_BUNDLE_IDENTIFIER = com.nicholasgrana.schooodule.watchkitapp;
				PRODUCT_NAME = "$(TARGET_NAME)";
				SDKROOT = watchos;
				SKIP_INSTALL = YES;
				SWIFT_VERSION = 4.2;
				TARGETED_DEVICE_FAMILY = 4;
				WATCHOS_DEPLOYMENT_TARGET = 4.0;
			};
			name = Debug;
		};
		43C76D6F2166F690003D8C2E /* Release */ = {
			isa = XCBuildConfiguration;
			buildSettings = {
				ALWAYS_EMBED_SWIFT_STANDARD_LIBRARIES = YES;
				ASSETCATALOG_COMPILER_APPICON_NAME = WatchIcon;
				CODE_SIGN_STYLE = Automatic;
				DEVELOPMENT_TEAM = VG8HJ8DZBZ;
				IBSC_MODULE = Schoodule_WatchKit_Extension;
				INFOPLIST_FILE = "Schoodule WatchKit App/Info.plist";
				PRODUCT_BUNDLE_IDENTIFIER = com.nicholasgrana.schooodule.watchkitapp;
				PRODUCT_NAME = "$(TARGET_NAME)";
				SDKROOT = watchos;
				SKIP_INSTALL = YES;
				SWIFT_VERSION = 4.2;
				TARGETED_DEVICE_FAMILY = 4;
				WATCHOS_DEPLOYMENT_TARGET = 4.0;
			};
			name = Release;
		};
		43C76D722166F690003D8C2E /* Debug */ = {
			isa = XCBuildConfiguration;
			buildSettings = {
				ASSETCATALOG_COMPILER_APPICON_NAME = AppIcon;
				CLANG_ENABLE_MODULES = YES;
				CODE_SIGN_STYLE = Automatic;
				DEVELOPMENT_TEAM = VG8HJ8DZBZ;
				INFOPLIST_FILE = Schoodule/Info.plist;
				IPHONEOS_DEPLOYMENT_TARGET = 11.4;
				LD_RUNPATH_SEARCH_PATHS = (
					"$(inherited)",
					"@executable_path/Frameworks",
				);
				PRODUCT_BUNDLE_IDENTIFIER = com.nicholasgrana.schooodule;
				PRODUCT_NAME = "$(TARGET_NAME)";
				SWIFT_OPTIMIZATION_LEVEL = "-Onone";
				SWIFT_VERSION = 4.2;
				TARGETED_DEVICE_FAMILY = "1,2";
			};
			name = Debug;
		};
		43C76D732166F690003D8C2E /* Release */ = {
			isa = XCBuildConfiguration;
			buildSettings = {
				ASSETCATALOG_COMPILER_APPICON_NAME = AppIcon;
				CLANG_ENABLE_MODULES = YES;
				CODE_SIGN_STYLE = Automatic;
				DEVELOPMENT_TEAM = VG8HJ8DZBZ;
				INFOPLIST_FILE = Schoodule/Info.plist;
				IPHONEOS_DEPLOYMENT_TARGET = 11.4;
				LD_RUNPATH_SEARCH_PATHS = (
					"$(inherited)",
					"@executable_path/Frameworks",
				);
				PRODUCT_BUNDLE_IDENTIFIER = com.nicholasgrana.schooodule;
				PRODUCT_NAME = "$(TARGET_NAME)";
				SWIFT_VERSION = 4.2;
				TARGETED_DEVICE_FAMILY = "1,2";
			};
			name = Release;
		};
/* End XCBuildConfiguration section */

/* Begin XCConfigurationList section */
		43C76D332166F68E003D8C2E /* Build configuration list for PBXProject "Schoodule" */ = {
			isa = XCConfigurationList;
			buildConfigurations = (
				43C76D672166F690003D8C2E /* Debug */,
				43C76D682166F690003D8C2E /* Release */,
			);
			defaultConfigurationIsVisible = 0;
			defaultConfigurationName = Release;
		};
		43C76D692166F690003D8C2E /* Build configuration list for PBXNativeTarget "Schoodule WatchKit Extension" */ = {
			isa = XCConfigurationList;
			buildConfigurations = (
				43C76D6A2166F690003D8C2E /* Debug */,
				43C76D6B2166F690003D8C2E /* Release */,
			);
			defaultConfigurationIsVisible = 0;
			defaultConfigurationName = Release;
		};
		43C76D6D2166F690003D8C2E /* Build configuration list for PBXNativeTarget "Schoodule WatchKit App" */ = {
			isa = XCConfigurationList;
			buildConfigurations = (
				43C76D6E2166F690003D8C2E /* Debug */,
				43C76D6F2166F690003D8C2E /* Release */,
			);
			defaultConfigurationIsVisible = 0;
			defaultConfigurationName = Release;
		};
		43C76D712166F690003D8C2E /* Build configuration list for PBXNativeTarget "Schoodule" */ = {
			isa = XCConfigurationList;
			buildConfigurations = (
				43C76D722166F690003D8C2E /* Debug */,
				43C76D732166F690003D8C2E /* Release */,
			);
			defaultConfigurationIsVisible = 0;
			defaultConfigurationName = Release;
		};
/* End XCConfigurationList section */
	};
	rootObject = 43C76D302166F68E003D8C2E /* Project object */;
}
